// !$*UTF8*$!
{
	archiveVersion = 1;
	classes = {
	};
	objectVersion = 56;
	objects = {

/* Begin PBXBuildFile section */
		570341BE2B9639A4000A748E /* GalleryViewController.swift in Sources */ = {isa = PBXBuildFile; fileRef = 570341BD2B9639A4000A748E /* GalleryViewController.swift */; };
		570B232C2AD5B670008DF2D7 /* TimeZoneController.swift in Sources */ = {isa = PBXBuildFile; fileRef = 570B232A2AD5B670008DF2D7 /* TimeZoneController.swift */; };
		570B23342AE30817008DF2D7 /* SelectColorControler.swift in Sources */ = {isa = PBXBuildFile; fileRef = 570B23322AE30817008DF2D7 /* SelectColorControler.swift */; };
		570B23352AE30817008DF2D7 /* SelectColorControler.xib in Resources */ = {isa = PBXBuildFile; fileRef = 570B23332AE30817008DF2D7 /* SelectColorControler.xib */; };
		571D30522B9249B100FE0964 /* Clock.swift in Sources */ = {isa = PBXBuildFile; fileRef = 571D30512B9249B100FE0964 /* Clock.swift */; };
		572474A52B17AAF90080BE56 /* ClockViewFactory.swift in Sources */ = {isa = PBXBuildFile; fileRef = 572474A42B17AAF90080BE56 /* ClockViewFactory.swift */; };
		572474AB2B238F8F0080BE56 /* CloudClockView.swift in Sources */ = {isa = PBXBuildFile; fileRef = 572474AA2B238F8F0080BE56 /* CloudClockView.swift */; };
		572474AF2B2392980080BE56 /* CloudClockView.xib in Resources */ = {isa = PBXBuildFile; fileRef = 572474AE2B2392980080BE56 /* CloudClockView.xib */; };
		572474B52B286C810080BE56 /* JustClockView.swift in Sources */ = {isa = PBXBuildFile; fileRef = 572474B42B286C810080BE56 /* JustClockView.swift */; };
		572474B72B286CAB0080BE56 /* JustClockView.xib in Resources */ = {isa = PBXBuildFile; fileRef = 572474B62B286CAB0080BE56 /* JustClockView.xib */; };
		575210C22B0FD36300C4A2A7 /* SelectClockController.swift in Sources */ = {isa = PBXBuildFile; fileRef = 575210C12B0FD36300C4A2A7 /* SelectClockController.swift */; };
		5755E12C2AF02BAB00429A7E /* UIColor+Codable .swift in Sources */ = {isa = PBXBuildFile; fileRef = 5755E12B2AF02BAB00429A7E /* UIColor+Codable .swift */; };
		5755E1362AF568EC00429A7E /* LabelClockView.swift in Sources */ = {isa = PBXBuildFile; fileRef = 5755E1352AF568EC00429A7E /* LabelClockView.swift */; };
		5755E1382AF5695900429A7E /* LabelClockView.xib in Resources */ = {isa = PBXBuildFile; fileRef = 5755E1372AF5695900429A7E /* LabelClockView.xib */; };
		5755E1402AF93D4800429A7E /* ClockViewProtocol.swift in Sources */ = {isa = PBXBuildFile; fileRef = 5755E13F2AF93D4800429A7E /* ClockViewProtocol.swift */; };
		5755E1482AFA5FC200429A7E /* ColorLabelClockView.swift in Sources */ = {isa = PBXBuildFile; fileRef = 5755E1472AFA5FC200429A7E /* ColorLabelClockView.swift */; };
		5755E14C2AFA608100429A7E /* ColorLabelClockView.xib in Resources */ = {isa = PBXBuildFile; fileRef = 5755E14B2AFA608100429A7E /* ColorLabelClockView.xib */; };
		5755E1542B07921900429A7E /* VerticalLabelClockView.swift in Sources */ = {isa = PBXBuildFile; fileRef = 5755E1532B07921900429A7E /* VerticalLabelClockView.swift */; };
		576100AC2B98D74300478398 /* LabelClockCell.swift in Sources */ = {isa = PBXBuildFile; fileRef = 576100AA2B98D74300478398 /* LabelClockCell.swift */; };
		576100AD2B98D74300478398 /* LabelClockCell.xib in Resources */ = {isa = PBXBuildFile; fileRef = 576100AB2B98D74300478398 /* LabelClockCell.xib */; };
		576100B12B99A71500478398 /* ColorLabelClockCell.swift in Sources */ = {isa = PBXBuildFile; fileRef = 576100AF2B99A71500478398 /* ColorLabelClockCell.swift */; };
		576100B22B99A71500478398 /* ColorLabelClockCell.xib in Resources */ = {isa = PBXBuildFile; fileRef = 576100B02B99A71500478398 /* ColorLabelClockCell.xib */; };
		576100BA2B99C07500478398 /* VerticalLabelClockCell.swift in Sources */ = {isa = PBXBuildFile; fileRef = 576100B82B99C07500478398 /* VerticalLabelClockCell.swift */; };
		576100BB2B99C07500478398 /* VerticalLabelClockCell.xib in Resources */ = {isa = PBXBuildFile; fileRef = 576100B92B99C07500478398 /* VerticalLabelClockCell.xib */; };
		576100C32B99C6EA00478398 /* CloudLabelClockCell.swift in Sources */ = {isa = PBXBuildFile; fileRef = 576100C12B99C6EA00478398 /* CloudLabelClockCell.swift */; };
		576100C42B99C6EA00478398 /* CloudLabelClockCell.xib in Resources */ = {isa = PBXBuildFile; fileRef = 576100C22B99C6EA00478398 /* CloudLabelClockCell.xib */; };
		576100C92B99D00400478398 /* JustClockCell.swift in Sources */ = {isa = PBXBuildFile; fileRef = 576100C72B99D00400478398 /* JustClockCell.swift */; };
		576100CA2B99D00400478398 /* JustClockCell.xib in Resources */ = {isa = PBXBuildFile; fileRef = 576100C82B99D00400478398 /* JustClockCell.xib */; };
		576100CC2B9A29F000478398 /* VerticalLabelClockView.xib in Resources */ = {isa = PBXBuildFile; fileRef = 576100CB2B9A29F000478398 /* VerticalLabelClockView.xib */; };
		5761011A2BA8AF2400478398 /* LabelClock.swift in Sources */ = {isa = PBXBuildFile; fileRef = 576101192BA8AF2400478398 /* LabelClock.swift */; };
		5761011C2BA9824400478398 /* VerticalLabelClock.swift in Sources */ = {isa = PBXBuildFile; fileRef = 5761011B2BA9824400478398 /* VerticalLabelClock.swift */; };
		5778DD5D2ACC708B00675257 /* AppDelegate.swift in Sources */ = {isa = PBXBuildFile; fileRef = 5778DD5C2ACC708B00675257 /* AppDelegate.swift */; };
		5778DD5F2ACC708B00675257 /* SceneDelegate.swift in Sources */ = {isa = PBXBuildFile; fileRef = 5778DD5E2ACC708B00675257 /* SceneDelegate.swift */; };
		5778DD612ACC708B00675257 /* ViewController.swift in Sources */ = {isa = PBXBuildFile; fileRef = 5778DD602ACC708B00675257 /* ViewController.swift */; };
		5778DD642ACC708B00675257 /* Main.storyboard in Resources */ = {isa = PBXBuildFile; fileRef = 5778DD622ACC708B00675257 /* Main.storyboard */; };
		5778DD662ACC708C00675257 /* Assets.xcassets in Resources */ = {isa = PBXBuildFile; fileRef = 5778DD652ACC708C00675257 /* Assets.xcassets */; };
		5778DD692ACC708C00675257 /* LaunchScreen.storyboard in Resources */ = {isa = PBXBuildFile; fileRef = 5778DD672ACC708C00675257 /* LaunchScreen.storyboard */; };
		577C58832BA99F3D00CAE3C9 /* ColorLabelClock.swift in Sources */ = {isa = PBXBuildFile; fileRef = 577C58822BA99F3D00CAE3C9 /* ColorLabelClock.swift */; };
		577C58852BA9A65500CAE3C9 /* CloudLabelClock.swift in Sources */ = {isa = PBXBuildFile; fileRef = 577C58842BA9A65500CAE3C9 /* CloudLabelClock.swift */; };
		577C58872BA9BB4A00CAE3C9 /* JustClock.swift in Sources */ = {isa = PBXBuildFile; fileRef = 577C58862BA9BB4A00CAE3C9 /* JustClock.swift */; };
		5785142C2BBC5C0E005C9923 /* EditVerticalViewController.swift in Sources */ = {isa = PBXBuildFile; fileRef = 5785142B2BBC5C0E005C9923 /* EditVerticalViewController.swift */; };
		5785142E2BBC5C26005C9923 /* EditVerticalViewController.storyboard in Resources */ = {isa = PBXBuildFile; fileRef = 5785142D2BBC5C26005C9923 /* EditVerticalViewController.storyboard */; };
		578514302BBD4C7B005C9923 /* EditColorLabelViewController.swift in Sources */ = {isa = PBXBuildFile; fileRef = 5785142F2BBD4C7B005C9923 /* EditColorLabelViewController.swift */; };
		578514322BBD4C9B005C9923 /* EditColorLabelViewController.storyboard in Resources */ = {isa = PBXBuildFile; fileRef = 578514312BBD4C9B005C9923 /* EditColorLabelViewController.storyboard */; };
		578592062B4DBF23008637CA /* ClockPreviewCell.swift in Sources */ = {isa = PBXBuildFile; fileRef = 578592042B4DBF23008637CA /* ClockPreviewCell.swift */; };
		578592072B4DBF23008637CA /* ClockPreviewCell.xib in Resources */ = {isa = PBXBuildFile; fileRef = 578592052B4DBF23008637CA /* ClockPreviewCell.xib */; };
		57AAF3342BB3395400608AF7 /* EditLabelClockViewController.swift in Sources */ = {isa = PBXBuildFile; fileRef = 57AAF3332BB3395400608AF7 /* EditLabelClockViewController.swift */; };
		57AAF3362BB3397500608AF7 /* EditLabelClockViewController.storyboard in Resources */ = {isa = PBXBuildFile; fileRef = 57AAF3352BB3397500608AF7 /* EditLabelClockViewController.storyboard */; };
		57C548582B7E88EC00206A30 /* .swiftlint.yml in Resources */ = {isa = PBXBuildFile; fileRef = 57C548572B7E88EC00206A30 /* .swiftlint.yml */; };
		57D282952B8661A800A46E23 /* Repository.swift in Sources */ = {isa = PBXBuildFile; fileRef = 57D282942B8661A800A46E23 /* Repository.swift */; };
		57D282982B8664A000A46E23 /* DefaultRepository.swift in Sources */ = {isa = PBXBuildFile; fileRef = 57D282972B8664A000A46E23 /* DefaultRepository.swift */; };
		57D2830F2B8E607600A46E23 /* FileRepository.swift in Sources */ = {isa = PBXBuildFile; fileRef = 57D2830E2B8E607600A46E23 /* FileRepository.swift */; };
		57D325722BBD8BC7001BB71F /* EditCloudViewController.swift in Sources */ = {isa = PBXBuildFile; fileRef = 57D325712BBD8BC7001BB71F /* EditCloudViewController.swift */; };
		57D325742BBD8BE3001BB71F /* EditCloudViewController.storyboard in Resources */ = {isa = PBXBuildFile; fileRef = 57D325732BBD8BE3001BB71F /* EditCloudViewController.storyboard */; };
		57D325762BBD9551001BB71F /* EditJustViewController.swift in Sources */ = {isa = PBXBuildFile; fileRef = 57D325752BBD9551001BB71F /* EditJustViewController.swift */; };
		57D325782BBD955F001BB71F /* EditJustViewController.storyboard in Resources */ = {isa = PBXBuildFile; fileRef = 57D325772BBD955F001BB71F /* EditJustViewController.storyboard */; };
		57ED77C02BF2806200D0C290 /* ChooseClockViewController.swift in Sources */ = {isa = PBXBuildFile; fileRef = 57ED77BF2BF2806200D0C290 /* ChooseClockViewController.swift */; };
/* End PBXBuildFile section */

/* Begin PBXFileReference section */
		570341BD2B9639A4000A748E /* GalleryViewController.swift */ = {isa = PBXFileReference; lastKnownFileType = sourcecode.swift; path = GalleryViewController.swift; sourceTree = "<group>"; };
		570B232A2AD5B670008DF2D7 /* TimeZoneController.swift */ = {isa = PBXFileReference; lastKnownFileType = sourcecode.swift; path = TimeZoneController.swift; sourceTree = "<group>"; };
		570B23322AE30817008DF2D7 /* SelectColorControler.swift */ = {isa = PBXFileReference; lastKnownFileType = sourcecode.swift; path = SelectColorControler.swift; sourceTree = "<group>"; };
		570B23332AE30817008DF2D7 /* SelectColorControler.xib */ = {isa = PBXFileReference; lastKnownFileType = file.xib; path = SelectColorControler.xib; sourceTree = "<group>"; };
		571D30512B9249B100FE0964 /* Clock.swift */ = {isa = PBXFileReference; lastKnownFileType = sourcecode.swift; path = Clock.swift; sourceTree = "<group>"; };
		572474A42B17AAF90080BE56 /* ClockViewFactory.swift */ = {isa = PBXFileReference; lastKnownFileType = sourcecode.swift; path = ClockViewFactory.swift; sourceTree = "<group>"; };
		572474AA2B238F8F0080BE56 /* CloudClockView.swift */ = {isa = PBXFileReference; lastKnownFileType = sourcecode.swift; path = CloudClockView.swift; sourceTree = "<group>"; };
		572474AE2B2392980080BE56 /* CloudClockView.xib */ = {isa = PBXFileReference; lastKnownFileType = file.xib; path = CloudClockView.xib; sourceTree = "<group>"; };
		572474B42B286C810080BE56 /* JustClockView.swift */ = {isa = PBXFileReference; lastKnownFileType = sourcecode.swift; path = JustClockView.swift; sourceTree = "<group>"; };
		572474B62B286CAB0080BE56 /* JustClockView.xib */ = {isa = PBXFileReference; lastKnownFileType = file.xib; path = JustClockView.xib; sourceTree = "<group>"; };
		575210C12B0FD36300C4A2A7 /* SelectClockController.swift */ = {isa = PBXFileReference; lastKnownFileType = sourcecode.swift; path = SelectClockController.swift; sourceTree = "<group>"; };
		5755E12B2AF02BAB00429A7E /* UIColor+Codable .swift */ = {isa = PBXFileReference; lastKnownFileType = sourcecode.swift; path = "UIColor+Codable .swift"; sourceTree = "<group>"; };
		5755E1352AF568EC00429A7E /* LabelClockView.swift */ = {isa = PBXFileReference; lastKnownFileType = sourcecode.swift; path = LabelClockView.swift; sourceTree = "<group>"; };
		5755E1372AF5695900429A7E /* LabelClockView.xib */ = {isa = PBXFileReference; lastKnownFileType = file.xib; path = LabelClockView.xib; sourceTree = "<group>"; };
		5755E13F2AF93D4800429A7E /* ClockViewProtocol.swift */ = {isa = PBXFileReference; lastKnownFileType = sourcecode.swift; path = ClockViewProtocol.swift; sourceTree = "<group>"; };
		5755E1472AFA5FC200429A7E /* ColorLabelClockView.swift */ = {isa = PBXFileReference; lastKnownFileType = sourcecode.swift; path = ColorLabelClockView.swift; sourceTree = "<group>"; };
		5755E14B2AFA608100429A7E /* ColorLabelClockView.xib */ = {isa = PBXFileReference; lastKnownFileType = file.xib; path = ColorLabelClockView.xib; sourceTree = "<group>"; };
		5755E1532B07921900429A7E /* VerticalLabelClockView.swift */ = {isa = PBXFileReference; lastKnownFileType = sourcecode.swift; path = VerticalLabelClockView.swift; sourceTree = "<group>"; };
		576100AA2B98D74300478398 /* LabelClockCell.swift */ = {isa = PBXFileReference; lastKnownFileType = sourcecode.swift; path = LabelClockCell.swift; sourceTree = "<group>"; };
		576100AB2B98D74300478398 /* LabelClockCell.xib */ = {isa = PBXFileReference; lastKnownFileType = file.xib; path = LabelClockCell.xib; sourceTree = "<group>"; };
		576100AF2B99A71500478398 /* ColorLabelClockCell.swift */ = {isa = PBXFileReference; lastKnownFileType = sourcecode.swift; path = ColorLabelClockCell.swift; sourceTree = "<group>"; };
		576100B02B99A71500478398 /* ColorLabelClockCell.xib */ = {isa = PBXFileReference; lastKnownFileType = file.xib; path = ColorLabelClockCell.xib; sourceTree = "<group>"; };
		576100B82B99C07500478398 /* VerticalLabelClockCell.swift */ = {isa = PBXFileReference; lastKnownFileType = sourcecode.swift; path = VerticalLabelClockCell.swift; sourceTree = "<group>"; };
		576100B92B99C07500478398 /* VerticalLabelClockCell.xib */ = {isa = PBXFileReference; lastKnownFileType = file.xib; path = VerticalLabelClockCell.xib; sourceTree = "<group>"; };
		576100C12B99C6EA00478398 /* CloudLabelClockCell.swift */ = {isa = PBXFileReference; lastKnownFileType = sourcecode.swift; path = CloudLabelClockCell.swift; sourceTree = "<group>"; };
		576100C22B99C6EA00478398 /* CloudLabelClockCell.xib */ = {isa = PBXFileReference; lastKnownFileType = file.xib; path = CloudLabelClockCell.xib; sourceTree = "<group>"; };
		576100C72B99D00400478398 /* JustClockCell.swift */ = {isa = PBXFileReference; lastKnownFileType = sourcecode.swift; path = JustClockCell.swift; sourceTree = "<group>"; };
		576100C82B99D00400478398 /* JustClockCell.xib */ = {isa = PBXFileReference; lastKnownFileType = file.xib; path = JustClockCell.xib; sourceTree = "<group>"; };
		576100CB2B9A29F000478398 /* VerticalLabelClockView.xib */ = {isa = PBXFileReference; fileEncoding = 4; lastKnownFileType = file.xib; path = VerticalLabelClockView.xib; sourceTree = "<group>"; };
		576101192BA8AF2400478398 /* LabelClock.swift */ = {isa = PBXFileReference; lastKnownFileType = sourcecode.swift; path = LabelClock.swift; sourceTree = "<group>"; };
		5761011B2BA9824400478398 /* VerticalLabelClock.swift */ = {isa = PBXFileReference; lastKnownFileType = sourcecode.swift; path = VerticalLabelClock.swift; sourceTree = "<group>"; };
		5778DD592ACC708A00675257 /* SimpleClock2.app */ = {isa = PBXFileReference; explicitFileType = wrapper.application; includeInIndex = 0; path = SimpleClock2.app; sourceTree = BUILT_PRODUCTS_DIR; };
		5778DD5C2ACC708B00675257 /* AppDelegate.swift */ = {isa = PBXFileReference; lastKnownFileType = sourcecode.swift; path = AppDelegate.swift; sourceTree = "<group>"; };
		5778DD5E2ACC708B00675257 /* SceneDelegate.swift */ = {isa = PBXFileReference; lastKnownFileType = sourcecode.swift; path = SceneDelegate.swift; sourceTree = "<group>"; };
		5778DD602ACC708B00675257 /* ViewController.swift */ = {isa = PBXFileReference; lastKnownFileType = sourcecode.swift; path = ViewController.swift; sourceTree = "<group>"; };
		5778DD632ACC708B00675257 /* Base */ = {isa = PBXFileReference; lastKnownFileType = file.storyboard; name = Base; path = Base.lproj/Main.storyboard; sourceTree = "<group>"; };
		5778DD652ACC708C00675257 /* Assets.xcassets */ = {isa = PBXFileReference; lastKnownFileType = folder.assetcatalog; path = Assets.xcassets; sourceTree = "<group>"; };
		5778DD682ACC708C00675257 /* Base */ = {isa = PBXFileReference; lastKnownFileType = file.storyboard; name = Base; path = Base.lproj/LaunchScreen.storyboard; sourceTree = "<group>"; };
		5778DD6A2ACC708C00675257 /* Info.plist */ = {isa = PBXFileReference; lastKnownFileType = text.plist.xml; path = Info.plist; sourceTree = "<group>"; };
		577C58822BA99F3D00CAE3C9 /* ColorLabelClock.swift */ = {isa = PBXFileReference; lastKnownFileType = sourcecode.swift; path = ColorLabelClock.swift; sourceTree = "<group>"; };
		577C58842BA9A65500CAE3C9 /* CloudLabelClock.swift */ = {isa = PBXFileReference; lastKnownFileType = sourcecode.swift; path = CloudLabelClock.swift; sourceTree = "<group>"; };
		577C58862BA9BB4A00CAE3C9 /* JustClock.swift */ = {isa = PBXFileReference; lastKnownFileType = sourcecode.swift; path = JustClock.swift; sourceTree = "<group>"; };
		5785142B2BBC5C0E005C9923 /* EditVerticalViewController.swift */ = {isa = PBXFileReference; lastKnownFileType = sourcecode.swift; path = EditVerticalViewController.swift; sourceTree = "<group>"; };
		5785142D2BBC5C26005C9923 /* EditVerticalViewController.storyboard */ = {isa = PBXFileReference; lastKnownFileType = file.storyboard; path = EditVerticalViewController.storyboard; sourceTree = "<group>"; };
		5785142F2BBD4C7B005C9923 /* EditColorLabelViewController.swift */ = {isa = PBXFileReference; lastKnownFileType = sourcecode.swift; path = EditColorLabelViewController.swift; sourceTree = "<group>"; };
		578514312BBD4C9B005C9923 /* EditColorLabelViewController.storyboard */ = {isa = PBXFileReference; lastKnownFileType = file.storyboard; path = EditColorLabelViewController.storyboard; sourceTree = "<group>"; };
		578592042B4DBF23008637CA /* ClockPreviewCell.swift */ = {isa = PBXFileReference; lastKnownFileType = sourcecode.swift; path = ClockPreviewCell.swift; sourceTree = "<group>"; };
		578592052B4DBF23008637CA /* ClockPreviewCell.xib */ = {isa = PBXFileReference; lastKnownFileType = file.xib; path = ClockPreviewCell.xib; sourceTree = "<group>"; };
		57AAF3332BB3395400608AF7 /* EditLabelClockViewController.swift */ = {isa = PBXFileReference; lastKnownFileType = sourcecode.swift; path = EditLabelClockViewController.swift; sourceTree = "<group>"; };
		57AAF3352BB3397500608AF7 /* EditLabelClockViewController.storyboard */ = {isa = PBXFileReference; lastKnownFileType = file.storyboard; path = EditLabelClockViewController.storyboard; sourceTree = "<group>"; };
		57C548572B7E88EC00206A30 /* .swiftlint.yml */ = {isa = PBXFileReference; fileEncoding = 4; lastKnownFileType = text.yaml; path = .swiftlint.yml; sourceTree = "<group>"; };
		57D282942B8661A800A46E23 /* Repository.swift */ = {isa = PBXFileReference; lastKnownFileType = sourcecode.swift; path = Repository.swift; sourceTree = "<group>"; };
		57D282972B8664A000A46E23 /* DefaultRepository.swift */ = {isa = PBXFileReference; lastKnownFileType = sourcecode.swift; path = DefaultRepository.swift; sourceTree = "<group>"; };
		57D2830E2B8E607600A46E23 /* FileRepository.swift */ = {isa = PBXFileReference; fileEncoding = 4; lastKnownFileType = sourcecode.swift; path = FileRepository.swift; sourceTree = "<group>"; };
		57D325712BBD8BC7001BB71F /* EditCloudViewController.swift */ = {isa = PBXFileReference; lastKnownFileType = sourcecode.swift; path = EditCloudViewController.swift; sourceTree = "<group>"; };
		57D325732BBD8BE3001BB71F /* EditCloudViewController.storyboard */ = {isa = PBXFileReference; lastKnownFileType = file.storyboard; path = EditCloudViewController.storyboard; sourceTree = "<group>"; };
		57D325752BBD9551001BB71F /* EditJustViewController.swift */ = {isa = PBXFileReference; lastKnownFileType = sourcecode.swift; path = EditJustViewController.swift; sourceTree = "<group>"; };
		57D325772BBD955F001BB71F /* EditJustViewController.storyboard */ = {isa = PBXFileReference; lastKnownFileType = file.storyboard; path = EditJustViewController.storyboard; sourceTree = "<group>"; };
		57ED77BF2BF2806200D0C290 /* ChooseClockViewController.swift */ = {isa = PBXFileReference; lastKnownFileType = sourcecode.swift; path = ChooseClockViewController.swift; sourceTree = "<group>"; };
/* End PBXFileReference section */

/* Begin PBXFrameworksBuildPhase section */
		5778DD562ACC708A00675257 /* Frameworks */ = {
			isa = PBXFrameworksBuildPhase;
			buildActionMask = 2147483647;
			files = (
			);
			runOnlyForDeploymentPostprocessing = 0;
		};
/* End PBXFrameworksBuildPhase section */

/* Begin PBXGroup section */
		5701CD8E2B7E8D2C00BACDC9 /* Frameworks */ = {
			isa = PBXGroup;
			children = (
			);
			name = Frameworks;
			sourceTree = "<group>";
		};
		570341BC2B963941000A748E /* Gallery */ = {
			isa = PBXGroup;
			children = (
				570341BD2B9639A4000A748E /* GalleryViewController.swift */,
			);
			path = Gallery;
			sourceTree = "<group>";
		};
		571D30502B92498000FE0964 /* Model */ = {
			isa = PBXGroup;
			children = (
				571D30512B9249B100FE0964 /* Clock.swift */,
				576101192BA8AF2400478398 /* LabelClock.swift */,
				5761011B2BA9824400478398 /* VerticalLabelClock.swift */,
				577C58822BA99F3D00CAE3C9 /* ColorLabelClock.swift */,
				577C58842BA9A65500CAE3C9 /* CloudLabelClock.swift */,
				577C58862BA9BB4A00CAE3C9 /* JustClock.swift */,
			);
			path = Model;
			sourceTree = "<group>";
		};
		576100AE2B99A61B00478398 /* ColorLabelClock */ = {
			isa = PBXGroup;
			children = (
				5755E1472AFA5FC200429A7E /* ColorLabelClockView.swift */,
				5755E14B2AFA608100429A7E /* ColorLabelClockView.xib */,
				576100AF2B99A71500478398 /* ColorLabelClockCell.swift */,
				576100B02B99A71500478398 /* ColorLabelClockCell.xib */,
				5785142F2BBD4C7B005C9923 /* EditColorLabelViewController.swift */,
				578514312BBD4C9B005C9923 /* EditColorLabelViewController.storyboard */,
			);
			path = ColorLabelClock;
			sourceTree = "<group>";
		};
		576100B32B99B9D100478398 /* VerticalLabelClock */ = {
			isa = PBXGroup;
			children = (
				576100CB2B9A29F000478398 /* VerticalLabelClockView.xib */,
				576100B82B99C07500478398 /* VerticalLabelClockCell.swift */,
				576100B92B99C07500478398 /* VerticalLabelClockCell.xib */,
				5785142B2BBC5C0E005C9923 /* EditVerticalViewController.swift */,
				5785142D2BBC5C26005C9923 /* EditVerticalViewController.storyboard */,
			);
			path = VerticalLabelClock;
			sourceTree = "<group>";
		};
		576100BC2B99C32300478398 /* JustClock */ = {
			isa = PBXGroup;
			children = (
				572474B42B286C810080BE56 /* JustClockView.swift */,
				572474B62B286CAB0080BE56 /* JustClockView.xib */,
				576100C72B99D00400478398 /* JustClockCell.swift */,
				576100C82B99D00400478398 /* JustClockCell.xib */,
				57D325752BBD9551001BB71F /* EditJustViewController.swift */,
				57D325772BBD955F001BB71F /* EditJustViewController.storyboard */,
			);
			path = JustClock;
			sourceTree = "<group>";
		};
		576100C62B99CDA700478398 /* CloudClock */ = {
			isa = PBXGroup;
			children = (
				572474AA2B238F8F0080BE56 /* CloudClockView.swift */,
				572474AE2B2392980080BE56 /* CloudClockView.xib */,
				576100C12B99C6EA00478398 /* CloudLabelClockCell.swift */,
				576100C22B99C6EA00478398 /* CloudLabelClockCell.xib */,
				57D325712BBD8BC7001BB71F /* EditCloudViewController.swift */,
				57D325732BBD8BE3001BB71F /* EditCloudViewController.storyboard */,
			);
			path = CloudClock;
			sourceTree = "<group>";
		};
		5778DD502ACC708A00675257 = {
			isa = PBXGroup;
			children = (
				5778DD5B2ACC708B00675257 /* SimpleClock2 */,
				5778DD5A2ACC708A00675257 /* Products */,
				5701CD8E2B7E8D2C00BACDC9 /* Frameworks */,
			);
			sourceTree = "<group>";
		};
		5778DD5A2ACC708A00675257 /* Products */ = {
			isa = PBXGroup;
			children = (
				5778DD592ACC708A00675257 /* SimpleClock2.app */,
			);
			name = Products;
			sourceTree = "<group>";
		};
		5778DD5B2ACC708B00675257 /* SimpleClock2 */ = {
			isa = PBXGroup;
			children = (
				5778DD5C2ACC708B00675257 /* AppDelegate.swift */,
				5778DD5E2ACC708B00675257 /* SceneDelegate.swift */,
				570341BC2B963941000A748E /* Gallery */,
				5778DD602ACC708B00675257 /* ViewController.swift */,
				570B23322AE30817008DF2D7 /* SelectColorControler.swift */,
				5755E12B2AF02BAB00429A7E /* UIColor+Codable .swift */,
				570B23332AE30817008DF2D7 /* SelectColorControler.xib */,
				570B232A2AD5B670008DF2D7 /* TimeZoneController.swift */,
				575210C12B0FD36300C4A2A7 /* SelectClockController.swift */,
				578592042B4DBF23008637CA /* ClockPreviewCell.swift */,
				578592052B4DBF23008637CA /* ClockPreviewCell.xib */,
				572474A42B17AAF90080BE56 /* ClockViewFactory.swift */,
				57DFC0E32B98D4F100D62069 /* ClockViews */,
				5755E13F2AF93D4800429A7E /* ClockViewProtocol.swift */,
				57ED77BF2BF2806200D0C290 /* ChooseClockViewController.swift */,
				571D30502B92498000FE0964 /* Model */,
				57D282962B86635500A46E23 /* Repository */,
				5778DD622ACC708B00675257 /* Main.storyboard */,
				5778DD652ACC708C00675257 /* Assets.xcassets */,
				5778DD672ACC708C00675257 /* LaunchScreen.storyboard */,
				5778DD6A2ACC708C00675257 /* Info.plist */,
				57C548572B7E88EC00206A30 /* .swiftlint.yml */,
			);
			path = SimpleClock2;
			sourceTree = "<group>";
		};
		57D282962B86635500A46E23 /* Repository */ = {
			isa = PBXGroup;
			children = (
				57D282942B8661A800A46E23 /* Repository.swift */,
				57D282972B8664A000A46E23 /* DefaultRepository.swift */,
				57D2830E2B8E607600A46E23 /* FileRepository.swift */,
			);
			path = Repository;
			sourceTree = "<group>";
		};
		57DFC0E32B98D4F100D62069 /* ClockViews */ = {
			isa = PBXGroup;
			children = (
				576100C62B99CDA700478398 /* CloudClock */,
				576100BC2B99C32300478398 /* JustClock */,
				576100B32B99B9D100478398 /* VerticalLabelClock */,
				576100AE2B99A61B00478398 /* ColorLabelClock */,
				57DFC0E42B98D51A00D62069 /* LabelClock */,
			);
			path = ClockViews;
			sourceTree = "<group>";
		};
		57DFC0E42B98D51A00D62069 /* LabelClock */ = {
			isa = PBXGroup;
			children = (
				5755E1532B07921900429A7E /* VerticalLabelClockView.swift */,
				5755E1372AF5695900429A7E /* LabelClockView.xib */,
				5755E1352AF568EC00429A7E /* LabelClockView.swift */,
				576100AA2B98D74300478398 /* LabelClockCell.swift */,
				576100AB2B98D74300478398 /* LabelClockCell.xib */,
				57AAF3332BB3395400608AF7 /* EditLabelClockViewController.swift */,
				57AAF3352BB3397500608AF7 /* EditLabelClockViewController.storyboard */,
			);
			path = LabelClock;
			sourceTree = "<group>";
		};
/* End PBXGroup section */

/* Begin PBXNativeTarget section */
		5778DD582ACC708A00675257 /* SimpleClock2 */ = {
			isa = PBXNativeTarget;
			buildConfigurationList = 5778DD6D2ACC708C00675257 /* Build configuration list for PBXNativeTarget "SimpleClock2" */;
			buildPhases = (
				5778DD552ACC708A00675257 /* Sources */,
				5778DD562ACC708A00675257 /* Frameworks */,
				5778DD572ACC708A00675257 /* Resources */,
			);
			buildRules = (
			);
			dependencies = (
				57C548542B7E867A00206A30 /* PBXTargetDependency */,
			);
			name = SimpleClock2;
			packageProductDependencies = (
			);
			productName = SimpleClock2;
			productReference = 5778DD592ACC708A00675257 /* SimpleClock2.app */;
			productType = "com.apple.product-type.application";
		};
/* End PBXNativeTarget section */

/* Begin PBXProject section */
		5778DD512ACC708A00675257 /* Project object */ = {
			isa = PBXProject;
			attributes = {
				BuildIndependentTargetsInParallel = 1;
				LastSwiftUpdateCheck = 1500;
				LastUpgradeCheck = 1500;
				TargetAttributes = {
					5778DD582ACC708A00675257 = {
						CreatedOnToolsVersion = 15.0;
					};
				};
			};
			buildConfigurationList = 5778DD542ACC708A00675257 /* Build configuration list for PBXProject "SimpleClock2" */;
			compatibilityVersion = "Xcode 14.0";
			developmentRegion = en;
			hasScannedForEncodings = 0;
			knownRegions = (
				en,
				Base,
			);
			mainGroup = 5778DD502ACC708A00675257;
			packageReferences = (
				57C5484E2B7E85B100206A30 /* XCRemoteSwiftPackageReference "SwiftLint" */,
			);
			productRefGroup = 5778DD5A2ACC708A00675257 /* Products */;
			projectDirPath = "";
			projectRoot = "";
			targets = (
				5778DD582ACC708A00675257 /* SimpleClock2 */,
			);
		};
/* End PBXProject section */

/* Begin PBXResourcesBuildPhase section */
		5778DD572ACC708A00675257 /* Resources */ = {
			isa = PBXResourcesBuildPhase;
			buildActionMask = 2147483647;
			files = (
				572474AF2B2392980080BE56 /* CloudClockView.xib in Resources */,
				578514322BBD4C9B005C9923 /* EditColorLabelViewController.storyboard in Resources */,
				578592072B4DBF23008637CA /* ClockPreviewCell.xib in Resources */,
				57AAF3362BB3397500608AF7 /* EditLabelClockViewController.storyboard in Resources */,
				5778DD692ACC708C00675257 /* LaunchScreen.storyboard in Resources */,
				5778DD662ACC708C00675257 /* Assets.xcassets in Resources */,
				576100CA2B99D00400478398 /* JustClockCell.xib in Resources */,
				5778DD642ACC708B00675257 /* Main.storyboard in Resources */,
				57D325782BBD955F001BB71F /* EditJustViewController.storyboard in Resources */,
				576100C42B99C6EA00478398 /* CloudLabelClockCell.xib in Resources */,
				57D325742BBD8BE3001BB71F /* EditCloudViewController.storyboard in Resources */,
				5755E1382AF5695900429A7E /* LabelClockView.xib in Resources */,
				5785142E2BBC5C26005C9923 /* EditVerticalViewController.storyboard in Resources */,
				576100B22B99A71500478398 /* ColorLabelClockCell.xib in Resources */,
				570B23352AE30817008DF2D7 /* SelectColorControler.xib in Resources */,
				576100AD2B98D74300478398 /* LabelClockCell.xib in Resources */,
				572474B72B286CAB0080BE56 /* JustClockView.xib in Resources */,
				576100CC2B9A29F000478398 /* VerticalLabelClockView.xib in Resources */,
				5755E14C2AFA608100429A7E /* ColorLabelClockView.xib in Resources */,
				57C548582B7E88EC00206A30 /* .swiftlint.yml in Resources */,
				576100BB2B99C07500478398 /* VerticalLabelClockCell.xib in Resources */,
			);
			runOnlyForDeploymentPostprocessing = 0;
		};
/* End PBXResourcesBuildPhase section */

/* Begin PBXSourcesBuildPhase section */
		5778DD552ACC708A00675257 /* Sources */ = {
			isa = PBXSourcesBuildPhase;
			buildActionMask = 2147483647;
			files = (
				578592062B4DBF23008637CA /* ClockPreviewCell.swift in Sources */,
				576100B12B99A71500478398 /* ColorLabelClockCell.swift in Sources */,
				576100AC2B98D74300478398 /* LabelClockCell.swift in Sources */,
				576100BA2B99C07500478398 /* VerticalLabelClockCell.swift in Sources */,
				578514302BBD4C7B005C9923 /* EditColorLabelViewController.swift in Sources */,
				57D282982B8664A000A46E23 /* DefaultRepository.swift in Sources */,
				5755E1402AF93D4800429A7E /* ClockViewProtocol.swift in Sources */,
				5755E1362AF568EC00429A7E /* LabelClockView.swift in Sources */,
				576100C92B99D00400478398 /* JustClockCell.swift in Sources */,
				571D30522B9249B100FE0964 /* Clock.swift in Sources */,
				57AAF3342BB3395400608AF7 /* EditLabelClockViewController.swift in Sources */,
				5778DD612ACC708B00675257 /* ViewController.swift in Sources */,
				57D2830F2B8E607600A46E23 /* FileRepository.swift in Sources */,
				5761011A2BA8AF2400478398 /* LabelClock.swift in Sources */,
				57ED77C02BF2806200D0C290 /* ChooseClockViewController.swift in Sources */,
				575210C22B0FD36300C4A2A7 /* SelectClockController.swift in Sources */,
				572474A52B17AAF90080BE56 /* ClockViewFactory.swift in Sources */,
				5755E1482AFA5FC200429A7E /* ColorLabelClockView.swift in Sources */,
				5755E1542B07921900429A7E /* VerticalLabelClockView.swift in Sources */,
				5761011C2BA9824400478398 /* VerticalLabelClock.swift in Sources */,
				5755E12C2AF02BAB00429A7E /* UIColor+Codable .swift in Sources */,
				5778DD5D2ACC708B00675257 /* AppDelegate.swift in Sources */,
				5785142C2BBC5C0E005C9923 /* EditVerticalViewController.swift in Sources */,
				570B23342AE30817008DF2D7 /* SelectColorControler.swift in Sources */,
				57D282952B8661A800A46E23 /* Repository.swift in Sources */,
				570B232C2AD5B670008DF2D7 /* TimeZoneController.swift in Sources */,
				577C58852BA9A65500CAE3C9 /* CloudLabelClock.swift in Sources */,
				572474AB2B238F8F0080BE56 /* CloudClockView.swift in Sources */,
				570341BE2B9639A4000A748E /* GalleryViewController.swift in Sources */,
				5778DD5F2ACC708B00675257 /* SceneDelegate.swift in Sources */,
				572474B52B286C810080BE56 /* JustClockView.swift in Sources */,
				57D325762BBD9551001BB71F /* EditJustViewController.swift in Sources */,
				57D325722BBD8BC7001BB71F /* EditCloudViewController.swift in Sources */,
				576100C32B99C6EA00478398 /* CloudLabelClockCell.swift in Sources */,
				577C58872BA9BB4A00CAE3C9 /* JustClock.swift in Sources */,
				577C58832BA99F3D00CAE3C9 /* ColorLabelClock.swift in Sources */,
			);
			runOnlyForDeploymentPostprocessing = 0;
		};
/* End PBXSourcesBuildPhase section */

/* Begin PBXTargetDependency section */
		57C548542B7E867A00206A30 /* PBXTargetDependency */ = {
			isa = PBXTargetDependency;
			productRef = 57C548532B7E867A00206A30 /* SwiftLintPlugin */;
		};
/* End PBXTargetDependency section */

/* Begin PBXVariantGroup section */
		5778DD622ACC708B00675257 /* Main.storyboard */ = {
			isa = PBXVariantGroup;
			children = (
				5778DD632ACC708B00675257 /* Base */,
			);
			name = Main.storyboard;
			sourceTree = "<group>";
		};
		5778DD672ACC708C00675257 /* LaunchScreen.storyboard */ = {
			isa = PBXVariantGroup;
			children = (
				5778DD682ACC708C00675257 /* Base */,
			);
			name = LaunchScreen.storyboard;
			sourceTree = "<group>";
		};
/* End PBXVariantGroup section */

/* Begin XCBuildConfiguration section */
		5778DD6B2ACC708C00675257 /* Debug */ = {
			isa = XCBuildConfiguration;
			buildSettings = {
				ALWAYS_SEARCH_USER_PATHS = NO;
				ASSETCATALOG_COMPILER_GENERATE_SWIFT_ASSET_SYMBOL_EXTENSIONS = YES;
				CLANG_ANALYZER_NONNULL = YES;
				CLANG_ANALYZER_NUMBER_OBJECT_CONVERSION = YES_AGGRESSIVE;
				CLANG_CXX_LANGUAGE_STANDARD = "gnu++20";
				CLANG_ENABLE_MODULES = YES;
				CLANG_ENABLE_OBJC_ARC = YES;
				CLANG_ENABLE_OBJC_WEAK = YES;
				CLANG_WARN_BLOCK_CAPTURE_AUTORELEASING = YES;
				CLANG_WARN_BOOL_CONVERSION = YES;
				CLANG_WARN_COMMA = YES;
				CLANG_WARN_CONSTANT_CONVERSION = YES;
				CLANG_WARN_DEPRECATED_OBJC_IMPLEMENTATIONS = YES;
				CLANG_WARN_DIRECT_OBJC_ISA_USAGE = YES_ERROR;
				CLANG_WARN_DOCUMENTATION_COMMENTS = YES;
				CLANG_WARN_EMPTY_BODY = YES;
				CLANG_WARN_ENUM_CONVERSION = YES;
				CLANG_WARN_INFINITE_RECURSION = YES;
				CLANG_WARN_INT_CONVERSION = YES;
				CLANG_WARN_NON_LITERAL_NULL_CONVERSION = YES;
				CLANG_WARN_OBJC_IMPLICIT_RETAIN_SELF = YES;
				CLANG_WARN_OBJC_LITERAL_CONVERSION = YES;
				CLANG_WARN_OBJC_ROOT_CLASS = YES_ERROR;
				CLANG_WARN_QUOTED_INCLUDE_IN_FRAMEWORK_HEADER = YES;
				CLANG_WARN_RANGE_LOOP_ANALYSIS = YES;
				CLANG_WARN_STRICT_PROTOTYPES = YES;
				CLANG_WARN_SUSPICIOUS_MOVE = YES;
				CLANG_WARN_UNGUARDED_AVAILABILITY = YES_AGGRESSIVE;
				CLANG_WARN_UNREACHABLE_CODE = YES;
				CLANG_WARN__DUPLICATE_METHOD_MATCH = YES;
				COPY_PHASE_STRIP = NO;
				DEBUG_INFORMATION_FORMAT = dwarf;
				ENABLE_STRICT_OBJC_MSGSEND = YES;
				ENABLE_TESTABILITY = YES;
				ENABLE_USER_SCRIPT_SANDBOXING = YES;
				GCC_C_LANGUAGE_STANDARD = gnu17;
				GCC_DYNAMIC_NO_PIC = NO;
				GCC_NO_COMMON_BLOCKS = YES;
				GCC_OPTIMIZATION_LEVEL = 0;
				GCC_PREPROCESSOR_DEFINITIONS = (
					"DEBUG=1",
					"$(inherited)",
				);
				GCC_WARN_64_TO_32_BIT_CONVERSION = YES;
				GCC_WARN_ABOUT_RETURN_TYPE = YES_ERROR;
				GCC_WARN_UNDECLARED_SELECTOR = YES;
				GCC_WARN_UNINITIALIZED_AUTOS = YES_AGGRESSIVE;
				GCC_WARN_UNUSED_FUNCTION = YES;
				GCC_WARN_UNUSED_VARIABLE = YES;
				IPHONEOS_DEPLOYMENT_TARGET = 17.0;
				LOCALIZATION_PREFERS_STRING_CATALOGS = YES;
				MTL_ENABLE_DEBUG_INFO = INCLUDE_SOURCE;
				MTL_FAST_MATH = YES;
				ONLY_ACTIVE_ARCH = YES;
				SDKROOT = iphoneos;
				SWIFT_ACTIVE_COMPILATION_CONDITIONS = "DEBUG $(inherited)";
				SWIFT_OPTIMIZATION_LEVEL = "-Onone";
			};
			name = Debug;
		};
		5778DD6C2ACC708C00675257 /* Release */ = {
			isa = XCBuildConfiguration;
			buildSettings = {
				ALWAYS_SEARCH_USER_PATHS = NO;
				ASSETCATALOG_COMPILER_GENERATE_SWIFT_ASSET_SYMBOL_EXTENSIONS = YES;
				CLANG_ANALYZER_NONNULL = YES;
				CLANG_ANALYZER_NUMBER_OBJECT_CONVERSION = YES_AGGRESSIVE;
				CLANG_CXX_LANGUAGE_STANDARD = "gnu++20";
				CLANG_ENABLE_MODULES = YES;
				CLANG_ENABLE_OBJC_ARC = YES;
				CLANG_ENABLE_OBJC_WEAK = YES;
				CLANG_WARN_BLOCK_CAPTURE_AUTORELEASING = YES;
				CLANG_WARN_BOOL_CONVERSION = YES;
				CLANG_WARN_COMMA = YES;
				CLANG_WARN_CONSTANT_CONVERSION = YES;
				CLANG_WARN_DEPRECATED_OBJC_IMPLEMENTATIONS = YES;
				CLANG_WARN_DIRECT_OBJC_ISA_USAGE = YES_ERROR;
				CLANG_WARN_DOCUMENTATION_COMMENTS = YES;
				CLANG_WARN_EMPTY_BODY = YES;
				CLANG_WARN_ENUM_CONVERSION = YES;
				CLANG_WARN_INFINITE_RECURSION = YES;
				CLANG_WARN_INT_CONVERSION = YES;
				CLANG_WARN_NON_LITERAL_NULL_CONVERSION = YES;
				CLANG_WARN_OBJC_IMPLICIT_RETAIN_SELF = YES;
				CLANG_WARN_OBJC_LITERAL_CONVERSION = YES;
				CLANG_WARN_OBJC_ROOT_CLASS = YES_ERROR;
				CLANG_WARN_QUOTED_INCLUDE_IN_FRAMEWORK_HEADER = YES;
				CLANG_WARN_RANGE_LOOP_ANALYSIS = YES;
				CLANG_WARN_STRICT_PROTOTYPES = YES;
				CLANG_WARN_SUSPICIOUS_MOVE = YES;
				CLANG_WARN_UNGUARDED_AVAILABILITY = YES_AGGRESSIVE;
				CLANG_WARN_UNREACHABLE_CODE = YES;
				CLANG_WARN__DUPLICATE_METHOD_MATCH = YES;
				COPY_PHASE_STRIP = NO;
				DEBUG_INFORMATION_FORMAT = "dwarf-with-dsym";
				ENABLE_NS_ASSERTIONS = NO;
				ENABLE_STRICT_OBJC_MSGSEND = YES;
				ENABLE_USER_SCRIPT_SANDBOXING = YES;
				GCC_C_LANGUAGE_STANDARD = gnu17;
				GCC_NO_COMMON_BLOCKS = YES;
				GCC_WARN_64_TO_32_BIT_CONVERSION = YES;
				GCC_WARN_ABOUT_RETURN_TYPE = YES_ERROR;
				GCC_WARN_UNDECLARED_SELECTOR = YES;
				GCC_WARN_UNINITIALIZED_AUTOS = YES_AGGRESSIVE;
				GCC_WARN_UNUSED_FUNCTION = YES;
				GCC_WARN_UNUSED_VARIABLE = YES;
				IPHONEOS_DEPLOYMENT_TARGET = 17.0;
				LOCALIZATION_PREFERS_STRING_CATALOGS = YES;
				MTL_ENABLE_DEBUG_INFO = NO;
				MTL_FAST_MATH = YES;
				SDKROOT = iphoneos;
				SWIFT_COMPILATION_MODE = wholemodule;
				VALIDATE_PRODUCT = YES;
			};
			name = Release;
		};
		5778DD6E2ACC708C00675257 /* Debug */ = {
			isa = XCBuildConfiguration;
			buildSettings = {
				ASSETCATALOG_COMPILER_APPICON_NAME = AppIcon;
				ASSETCATALOG_COMPILER_GLOBAL_ACCENT_COLOR_NAME = AccentColor;
				CODE_SIGN_STYLE = Automatic;
				CURRENT_PROJECT_VERSION = 1;
				GENERATE_INFOPLIST_FILE = YES;
				INFOPLIST_FILE = SimpleClock2/Info.plist;
				INFOPLIST_KEY_UIApplicationSupportsIndirectInputEvents = YES;
				INFOPLIST_KEY_UILaunchStoryboardName = LaunchScreen;
				INFOPLIST_KEY_UIMainStoryboardFile = Main;
				INFOPLIST_KEY_UISupportedInterfaceOrientations_iPad = "UIInterfaceOrientationPortrait UIInterfaceOrientationPortraitUpsideDown UIInterfaceOrientationLandscapeLeft UIInterfaceOrientationLandscapeRight";
				INFOPLIST_KEY_UISupportedInterfaceOrientations_iPhone = "UIInterfaceOrientationPortrait UIInterfaceOrientationLandscapeLeft UIInterfaceOrientationLandscapeRight";
				LD_RUNPATH_SEARCH_PATHS = (
					"$(inherited)",
					"@executable_path/Frameworks",
				);
				MARKETING_VERSION = 1.0;
				PRODUCT_BUNDLE_IDENTIFIER = "victor.gubskih-gmail.com.SimpleClock2";
				PRODUCT_NAME = "$(TARGET_NAME)";
				SWIFT_EMIT_LOC_STRINGS = YES;
				SWIFT_VERSION = 5.0;
				TARGETED_DEVICE_FAMILY = "1,2";
			};
			name = Debug;
		};
		5778DD6F2ACC708C00675257 /* Release */ = {
			isa = XCBuildConfiguration;
			buildSettings = {
				ASSETCATALOG_COMPILER_APPICON_NAME = AppIcon;
				ASSETCATALOG_COMPILER_GLOBAL_ACCENT_COLOR_NAME = AccentColor;
				CODE_SIGN_STYLE = Automatic;
				CURRENT_PROJECT_VERSION = 1;
				GENERATE_INFOPLIST_FILE = YES;
				INFOPLIST_FILE = SimpleClock2/Info.plist;
				INFOPLIST_KEY_UIApplicationSupportsIndirectInputEvents = YES;
				INFOPLIST_KEY_UILaunchStoryboardName = LaunchScreen;
				INFOPLIST_KEY_UIMainStoryboardFile = Main;
				INFOPLIST_KEY_UISupportedInterfaceOrientations_iPad = "UIInterfaceOrientationPortrait UIInterfaceOrientationPortraitUpsideDown UIInterfaceOrientationLandscapeLeft UIInterfaceOrientationLandscapeRight";
				INFOPLIST_KEY_UISupportedInterfaceOrientations_iPhone = "UIInterfaceOrientationPortrait UIInterfaceOrientationLandscapeLeft UIInterfaceOrientationLandscapeRight";
				LD_RUNPATH_SEARCH_PATHS = (
					"$(inherited)",
					"@executable_path/Frameworks",
				);
				MARKETING_VERSION = 1.0;
				PRODUCT_BUNDLE_IDENTIFIER = "victor.gubskih-gmail.com.SimpleClock2";
				PRODUCT_NAME = "$(TARGET_NAME)";
				SWIFT_EMIT_LOC_STRINGS = YES;
				SWIFT_VERSION = 5.0;
				TARGETED_DEVICE_FAMILY = "1,2";
			};
			name = Release;
		};
/* End XCBuildConfiguration section */

/* Begin XCConfigurationList section */
		5778DD542ACC708A00675257 /* Build configuration list for PBXProject "SimpleClock2" */ = {
			isa = XCConfigurationList;
			buildConfigurations = (
				5778DD6B2ACC708C00675257 /* Debug */,
				5778DD6C2ACC708C00675257 /* Release */,
			);
			defaultConfigurationIsVisible = 0;
			defaultConfigurationName = Release;
		};
		5778DD6D2ACC708C00675257 /* Build configuration list for PBXNativeTarget "SimpleClock2" */ = {
			isa = XCConfigurationList;
			buildConfigurations = (
				5778DD6E2ACC708C00675257 /* Debug */,
				5778DD6F2ACC708C00675257 /* Release */,
			);
			defaultConfigurationIsVisible = 0;
			defaultConfigurationName = Release;
		};
/* End XCConfigurationList section */

/* Begin XCRemoteSwiftPackageReference section */
		57C5484E2B7E85B100206A30 /* XCRemoteSwiftPackageReference "SwiftLint" */ = {
			isa = XCRemoteSwiftPackageReference;
			repositoryURL = "https://github.com/realm/SwiftLint.git";
			requirement = {
				kind = upToNextMajorVersion;
				minimumVersion = 0.54.0;
			};
		};
/* End XCRemoteSwiftPackageReference section */

/* Begin XCSwiftPackageProductDependency section */
		57C548532B7E867A00206A30 /* SwiftLintPlugin */ = {
			isa = XCSwiftPackageProductDependency;
			package = 57C5484E2B7E85B100206A30 /* XCRemoteSwiftPackageReference "SwiftLint" */;
			productName = "plugin:SwiftLintPlugin";
		};
/* End XCSwiftPackageProductDependency section */
	};
	rootObject = 5778DD512ACC708A00675257 /* Project object */;
}
