// !$*UTF8*$!
{
	archiveVersion = 1;
	classes = {
	};
	objectVersion = 56;
	objects = {

/* Begin PBXBuildFile section */
		570B232C2AD5B670008DF2D7 /* TimeZoneController.swift in Sources */ = {isa = PBXBuildFile; fileRef = 570B232A2AD5B670008DF2D7 /* TimeZoneController.swift */; };
		570B232D2AD5B670008DF2D7 /* TimeZoneController.xib in Resources */ = {isa = PBXBuildFile; fileRef = 570B232B2AD5B670008DF2D7 /* TimeZoneController.xib */; };
		570B23342AE30817008DF2D7 /* SelectColorControler.swift in Sources */ = {isa = PBXBuildFile; fileRef = 570B23322AE30817008DF2D7 /* SelectColorControler.swift */; };
		570B23352AE30817008DF2D7 /* SelectColorControler.xib in Resources */ = {isa = PBXBuildFile; fileRef = 570B23332AE30817008DF2D7 /* SelectColorControler.xib */; };
		5755E12C2AF02BAB00429A7E /* UIColor+Codable .swift in Sources */ = {isa = PBXBuildFile; fileRef = 5755E12B2AF02BAB00429A7E /* UIColor+Codable .swift */; };
		5755E1362AF568EC00429A7E /* LableClockView.swift in Sources */ = {isa = PBXBuildFile; fileRef = 5755E1352AF568EC00429A7E /* LableClockView.swift */; };
		5755E1382AF5695900429A7E /* LableClockView.xib in Resources */ = {isa = PBXBuildFile; fileRef = 5755E1372AF5695900429A7E /* LableClockView.xib */; };
		5755E1402AF93D4800429A7E /* ClockViewProtocol.swift in Sources */ = {isa = PBXBuildFile; fileRef = 5755E13F2AF93D4800429A7E /* ClockViewProtocol.swift */; };
		5755E1482AFA5FC200429A7E /* LabelClockView2.swift in Sources */ = {isa = PBXBuildFile; fileRef = 5755E1472AFA5FC200429A7E /* LabelClockView2.swift */; };
		5755E14C2AFA608100429A7E /* LabelClockView2.xib in Resources */ = {isa = PBXBuildFile; fileRef = 5755E14B2AFA608100429A7E /* LabelClockView2.xib */; };
		5778DD5D2ACC708B00675257 /* AppDelegate.swift in Sources */ = {isa = PBXBuildFile; fileRef = 5778DD5C2ACC708B00675257 /* AppDelegate.swift */; };
		5778DD5F2ACC708B00675257 /* SceneDelegate.swift in Sources */ = {isa = PBXBuildFile; fileRef = 5778DD5E2ACC708B00675257 /* SceneDelegate.swift */; };
		5778DD612ACC708B00675257 /* ViewController.swift in Sources */ = {isa = PBXBuildFile; fileRef = 5778DD602ACC708B00675257 /* ViewController.swift */; };
		5778DD642ACC708B00675257 /* Main.storyboard in Resources */ = {isa = PBXBuildFile; fileRef = 5778DD622ACC708B00675257 /* Main.storyboard */; };
		5778DD662ACC708C00675257 /* Assets.xcassets in Resources */ = {isa = PBXBuildFile; fileRef = 5778DD652ACC708C00675257 /* Assets.xcassets */; };
		5778DD692ACC708C00675257 /* LaunchScreen.storyboard in Resources */ = {isa = PBXBuildFile; fileRef = 5778DD672ACC708C00675257 /* LaunchScreen.storyboard */; };
/* End PBXBuildFile section */

/* Begin PBXFileReference section */
		570B232A2AD5B670008DF2D7 /* TimeZoneController.swift */ = {isa = PBXFileReference; lastKnownFileType = sourcecode.swift; path = TimeZoneController.swift; sourceTree = "<group>"; };
		570B232B2AD5B670008DF2D7 /* TimeZoneController.xib */ = {isa = PBXFileReference; lastKnownFileType = file.xib; path = TimeZoneController.xib; sourceTree = "<group>"; };
		570B23322AE30817008DF2D7 /* SelectColorControler.swift */ = {isa = PBXFileReference; lastKnownFileType = sourcecode.swift; path = SelectColorControler.swift; sourceTree = "<group>"; };
		570B23332AE30817008DF2D7 /* SelectColorControler.xib */ = {isa = PBXFileReference; lastKnownFileType = file.xib; path = SelectColorControler.xib; sourceTree = "<group>"; };
		5755E12B2AF02BAB00429A7E /* UIColor+Codable .swift */ = {isa = PBXFileReference; lastKnownFileType = sourcecode.swift; path = "UIColor+Codable .swift"; sourceTree = "<group>"; };
		5755E1352AF568EC00429A7E /* LableClockView.swift */ = {isa = PBXFileReference; lastKnownFileType = sourcecode.swift; path = LableClockView.swift; sourceTree = "<group>"; };
		5755E1372AF5695900429A7E /* LableClockView.xib */ = {isa = PBXFileReference; lastKnownFileType = file.xib; path = LableClockView.xib; sourceTree = "<group>"; };
		5755E13F2AF93D4800429A7E /* ClockViewProtocol.swift */ = {isa = PBXFileReference; lastKnownFileType = sourcecode.swift; path = ClockViewProtocol.swift; sourceTree = "<group>"; };
		5755E1472AFA5FC200429A7E /* LabelClockView2.swift */ = {isa = PBXFileReference; lastKnownFileType = sourcecode.swift; path = LabelClockView2.swift; sourceTree = "<group>"; };
		5755E14B2AFA608100429A7E /* LabelClockView2.xib */ = {isa = PBXFileReference; lastKnownFileType = file.xib; path = LabelClockView2.xib; sourceTree = "<group>"; };
		5778DD592ACC708A00675257 /* SimpleClock2.app */ = {isa = PBXFileReference; explicitFileType = wrapper.application; includeInIndex = 0; path = SimpleClock2.app; sourceTree = BUILT_PRODUCTS_DIR; };
		5778DD5C2ACC708B00675257 /* AppDelegate.swift */ = {isa = PBXFileReference; lastKnownFileType = sourcecode.swift; path = AppDelegate.swift; sourceTree = "<group>"; };
		5778DD5E2ACC708B00675257 /* SceneDelegate.swift */ = {isa = PBXFileReference; lastKnownFileType = sourcecode.swift; path = SceneDelegate.swift; sourceTree = "<group>"; };
		5778DD602ACC708B00675257 /* ViewController.swift */ = {isa = PBXFileReference; lastKnownFileType = sourcecode.swift; path = ViewController.swift; sourceTree = "<group>"; };
		5778DD632ACC708B00675257 /* Base */ = {isa = PBXFileReference; lastKnownFileType = file.storyboard; name = Base; path = Base.lproj/Main.storyboard; sourceTree = "<group>"; };
		5778DD652ACC708C00675257 /* Assets.xcassets */ = {isa = PBXFileReference; lastKnownFileType = folder.assetcatalog; path = Assets.xcassets; sourceTree = "<group>"; };
		5778DD682ACC708C00675257 /* Base */ = {isa = PBXFileReference; lastKnownFileType = file.storyboard; name = Base; path = Base.lproj/LaunchScreen.storyboard; sourceTree = "<group>"; };
		5778DD6A2ACC708C00675257 /* Info.plist */ = {isa = PBXFileReference; lastKnownFileType = text.plist.xml; path = Info.plist; sourceTree = "<group>"; };
/* End PBXFileReference section */

/* Begin PBXFrameworksBuildPhase section */
		5778DD562ACC708A00675257 /* Frameworks */ = {
			isa = PBXFrameworksBuildPhase;
			buildActionMask = 2147483647;
			files = (
			);
			runOnlyForDeploymentPostprocessing = 0;
		};
/* End PBXFrameworksBuildPhase section */

/* Begin PBXGroup section */
		5778DD502ACC708A00675257 = {
			isa = PBXGroup;
			children = (
				5778DD5B2ACC708B00675257 /* SimpleClock2 */,
				5778DD5A2ACC708A00675257 /* Products */,
			);
			sourceTree = "<group>";
		};
		5778DD5A2ACC708A00675257 /* Products */ = {
			isa = PBXGroup;
			children = (
				5778DD592ACC708A00675257 /* SimpleClock2.app */,
			);
			name = Products;
			sourceTree = "<group>";
		};
		5778DD5B2ACC708B00675257 /* SimpleClock2 */ = {
			isa = PBXGroup;
			children = (
				5778DD5C2ACC708B00675257 /* AppDelegate.swift */,
				5778DD5E2ACC708B00675257 /* SceneDelegate.swift */,
				5778DD602ACC708B00675257 /* ViewController.swift */,
				570B23322AE30817008DF2D7 /* SelectColorControler.swift */,
				5755E12B2AF02BAB00429A7E /* UIColor+Codable .swift */,
				570B23332AE30817008DF2D7 /* SelectColorControler.xib */,
				570B232A2AD5B670008DF2D7 /* TimeZoneController.swift */,
				570B232B2AD5B670008DF2D7 /* TimeZoneController.xib */,
				5755E1352AF568EC00429A7E /* LableClockView.swift */,
				5755E1372AF5695900429A7E /* LableClockView.xib */,
				5755E1472AFA5FC200429A7E /* LabelClockView2.swift */,
				5755E14B2AFA608100429A7E /* LabelClockView2.xib */,
				5755E13F2AF93D4800429A7E /* ClockViewProtocol.swift */,
				5778DD622ACC708B00675257 /* Main.storyboard */,
				5778DD652ACC708C00675257 /* Assets.xcassets */,
				5778DD672ACC708C00675257 /* LaunchScreen.storyboard */,
				5778DD6A2ACC708C00675257 /* Info.plist */,
			);
			path = SimpleClock2;
			sourceTree = "<group>";
		};
/* End PBXGroup section */

/* Begin PBXNativeTarget section */
		5778DD582ACC708A00675257 /* SimpleClock2 */ = {
			isa = PBXNativeTarget;
			buildConfigurationList = 5778DD6D2ACC708C00675257 /* Build configuration list for PBXNativeTarget "SimpleClock2" */;
			buildPhases = (
				5778DD552ACC708A00675257 /* Sources */,
				5778DD562ACC708A00675257 /* Frameworks */,
				5778DD572ACC708A00675257 /* Resources */,
			);
			buildRules = (
			);
			dependencies = (
			);
			name = SimpleClock2;
			productName = SimpleClock2;
			productReference = 5778DD592ACC708A00675257 /* SimpleClock2.app */;
			productType = "com.apple.product-type.application";
		};
/* End PBXNativeTarget section */

/* Begin PBXProject section */
		5778DD512ACC708A00675257 /* Project object */ = {
			isa = PBXProject;
			attributes = {
				BuildIndependentTargetsInParallel = 1;
				LastSwiftUpdateCheck = 1500;
				LastUpgradeCheck = 1500;
				TargetAttributes = {
					5778DD582ACC708A00675257 = {
						CreatedOnToolsVersion = 15.0;
					};
				};
			};
			buildConfigurationList = 5778DD542ACC708A00675257 /* Build configuration list for PBXProject "SimpleClock2" */;
			compatibilityVersion = "Xcode 14.0";
			developmentRegion = en;
			hasScannedForEncodings = 0;
			knownRegions = (
				en,
				Base,
			);
			mainGroup = 5778DD502ACC708A00675257;
			productRefGroup = 5778DD5A2ACC708A00675257 /* Products */;
			projectDirPath = "";
			projectRoot = "";
			targets = (
				5778DD582ACC708A00675257 /* SimpleClock2 */,
			);
		};
/* End PBXProject section */

/* Begin PBXResourcesBuildPhase section */
		5778DD572ACC708A00675257 /* Resources */ = {
			isa = PBXResourcesBuildPhase;
			buildActionMask = 2147483647;
			files = (
				5778DD692ACC708C00675257 /* LaunchScreen.storyboard in Resources */,
				5778DD662ACC708C00675257 /* Assets.xcassets in Resources */,
				570B232D2AD5B670008DF2D7 /* TimeZoneController.xib in Resources */,
				5778DD642ACC708B00675257 /* Main.storyboard in Resources */,
				5755E1382AF5695900429A7E /* LableClockView.xib in Resources */,
				570B23352AE30817008DF2D7 /* SelectColorControler.xib in Resources */,
				5755E14C2AFA608100429A7E /* LabelClockView2.xib in Resources */,
			);
			runOnlyForDeploymentPostprocessing = 0;
		};
/* End PBXResourcesBuildPhase section */

/* Begin PBXSourcesBuildPhase section */
		5778DD552ACC708A00675257 /* Sources */ = {
			isa = PBXSourcesBuildPhase;
			buildActionMask = 2147483647;
			files = (
				5755E1402AF93D4800429A7E /* ClockViewProtocol.swift in Sources */,
				5755E1362AF568EC00429A7E /* LableClockView.swift in Sources */,
				5778DD612ACC708B00675257 /* ViewController.swift in Sources */,
				5755E1482AFA5FC200429A7E /* LabelClockView2.swift in Sources */,
				5755E12C2AF02BAB00429A7E /* UIColor+Codable .swift in Sources */,
				5778DD5D2ACC708B00675257 /* AppDelegate.swift in Sources */,
				570B23342AE30817008DF2D7 /* SelectColorControler.swift in Sources */,
				570B232C2AD5B670008DF2D7 /* TimeZoneController.swift in Sources */,
				5778DD5F2ACC708B00675257 /* SceneDelegate.swift in Sources */,
			);
			runOnlyForDeploymentPostprocessing = 0;
		};
/* End PBXSourcesBuildPhase section */

/* Begin PBXVariantGroup section */
		5778DD622ACC708B00675257 /* Main.storyboard */ = {
			isa = PBXVariantGroup;
			children = (
				5778DD632ACC708B00675257 /* Base */,
			);
			name = Main.storyboard;
			sourceTree = "<group>";
		};
		5778DD672ACC708C00675257 /* LaunchScreen.storyboard */ = {
			isa = PBXVariantGroup;
			children = (
				5778DD682ACC708C00675257 /* Base */,
			);
			name = LaunchScreen.storyboard;
			sourceTree = "<group>";
		};
/* End PBXVariantGroup section */

/* Begin XCBuildConfiguration section */
		5778DD6B2ACC708C00675257 /* Debug */ = {
			isa = XCBuildConfiguration;
			buildSettings = {
				ALWAYS_SEARCH_USER_PATHS = NO;
				ASSETCATALOG_COMPILER_GENERATE_SWIFT_ASSET_SYMBOL_EXTENSIONS = YES;
				CLANG_ANALYZER_NONNULL = YES;
				CLANG_ANALYZER_NUMBER_OBJECT_CONVERSION = YES_AGGRESSIVE;
				CLANG_CXX_LANGUAGE_STANDARD = "gnu++20";
				CLANG_ENABLE_MODULES = YES;
				CLANG_ENABLE_OBJC_ARC = YES;
				CLANG_ENABLE_OBJC_WEAK = YES;
				CLANG_WARN_BLOCK_CAPTURE_AUTORELEASING = YES;
				CLANG_WARN_BOOL_CONVERSION = YES;
				CLANG_WARN_COMMA = YES;
				CLANG_WARN_CONSTANT_CONVERSION = YES;
				CLANG_WARN_DEPRECATED_OBJC_IMPLEMENTATIONS = YES;
				CLANG_WARN_DIRECT_OBJC_ISA_USAGE = YES_ERROR;
				CLANG_WARN_DOCUMENTATION_COMMENTS = YES;
				CLANG_WARN_EMPTY_BODY = YES;
				CLANG_WARN_ENUM_CONVERSION = YES;
				CLANG_WARN_INFINITE_RECURSION = YES;
				CLANG_WARN_INT_CONVERSION = YES;
				CLANG_WARN_NON_LITERAL_NULL_CONVERSION = YES;
				CLANG_WARN_OBJC_IMPLICIT_RETAIN_SELF = YES;
				CLANG_WARN_OBJC_LITERAL_CONVERSION = YES;
				CLANG_WARN_OBJC_ROOT_CLASS = YES_ERROR;
				CLANG_WARN_QUOTED_INCLUDE_IN_FRAMEWORK_HEADER = YES;
				CLANG_WARN_RANGE_LOOP_ANALYSIS = YES;
				CLANG_WARN_STRICT_PROTOTYPES = YES;
				CLANG_WARN_SUSPICIOUS_MOVE = YES;
				CLANG_WARN_UNGUARDED_AVAILABILITY = YES_AGGRESSIVE;
				CLANG_WARN_UNREACHABLE_CODE = YES;
				CLANG_WARN__DUPLICATE_METHOD_MATCH = YES;
				COPY_PHASE_STRIP = NO;
				DEBUG_INFORMATION_FORMAT = dwarf;
				ENABLE_STRICT_OBJC_MSGSEND = YES;
				ENABLE_TESTABILITY = YES;
				ENABLE_USER_SCRIPT_SANDBOXING = YES;
				GCC_C_LANGUAGE_STANDARD = gnu17;
				GCC_DYNAMIC_NO_PIC = NO;
				GCC_NO_COMMON_BLOCKS = YES;
				GCC_OPTIMIZATION_LEVEL = 0;
				GCC_PREPROCESSOR_DEFINITIONS = (
					"DEBUG=1",
					"$(inherited)",
				);
				GCC_WARN_64_TO_32_BIT_CONVERSION = YES;
				GCC_WARN_ABOUT_RETURN_TYPE = YES_ERROR;
				GCC_WARN_UNDECLARED_SELECTOR = YES;
				GCC_WARN_UNINITIALIZED_AUTOS = YES_AGGRESSIVE;
				GCC_WARN_UNUSED_FUNCTION = YES;
				GCC_WARN_UNUSED_VARIABLE = YES;
				IPHONEOS_DEPLOYMENT_TARGET = 17.0;
				LOCALIZATION_PREFERS_STRING_CATALOGS = YES;
				MTL_ENABLE_DEBUG_INFO = INCLUDE_SOURCE;
				MTL_FAST_MATH = YES;
				ONLY_ACTIVE_ARCH = YES;
				SDKROOT = iphoneos;
				SWIFT_ACTIVE_COMPILATION_CONDITIONS = "DEBUG $(inherited)";
				SWIFT_OPTIMIZATION_LEVEL = "-Onone";
			};
			name = Debug;
		};
		5778DD6C2ACC708C00675257 /* Release */ = {
			isa = XCBuildConfiguration;
			buildSettings = {
				ALWAYS_SEARCH_USER_PATHS = NO;
				ASSETCATALOG_COMPILER_GENERATE_SWIFT_ASSET_SYMBOL_EXTENSIONS = YES;
				CLANG_ANALYZER_NONNULL = YES;
				CLANG_ANALYZER_NUMBER_OBJECT_CONVERSION = YES_AGGRESSIVE;
				CLANG_CXX_LANGUAGE_STANDARD = "gnu++20";
				CLANG_ENABLE_MODULES = YES;
				CLANG_ENABLE_OBJC_ARC = YES;
				CLANG_ENABLE_OBJC_WEAK = YES;
				CLANG_WARN_BLOCK_CAPTURE_AUTORELEASING = YES;
				CLANG_WARN_BOOL_CONVERSION = YES;
				CLANG_WARN_COMMA = YES;
				CLANG_WARN_CONSTANT_CONVERSION = YES;
				CLANG_WARN_DEPRECATED_OBJC_IMPLEMENTATIONS = YES;
				CLANG_WARN_DIRECT_OBJC_ISA_USAGE = YES_ERROR;
				CLANG_WARN_DOCUMENTATION_COMMENTS = YES;
				CLANG_WARN_EMPTY_BODY = YES;
				CLANG_WARN_ENUM_CONVERSION = YES;
				CLANG_WARN_INFINITE_RECURSION = YES;
				CLANG_WARN_INT_CONVERSION = YES;
				CLANG_WARN_NON_LITERAL_NULL_CONVERSION = YES;
				CLANG_WARN_OBJC_IMPLICIT_RETAIN_SELF = YES;
				CLANG_WARN_OBJC_LITERAL_CONVERSION = YES;
				CLANG_WARN_OBJC_ROOT_CLASS = YES_ERROR;
				CLANG_WARN_QUOTED_INCLUDE_IN_FRAMEWORK_HEADER = YES;
				CLANG_WARN_RANGE_LOOP_ANALYSIS = YES;
				CLANG_WARN_STRICT_PROTOTYPES = YES;
				CLANG_WARN_SUSPICIOUS_MOVE = YES;
				CLANG_WARN_UNGUARDED_AVAILABILITY = YES_AGGRESSIVE;
				CLANG_WARN_UNREACHABLE_CODE = YES;
				CLANG_WARN__DUPLICATE_METHOD_MATCH = YES;
				COPY_PHASE_STRIP = NO;
				DEBUG_INFORMATION_FORMAT = "dwarf-with-dsym";
				ENABLE_NS_ASSERTIONS = NO;
				ENABLE_STRICT_OBJC_MSGSEND = YES;
				ENABLE_USER_SCRIPT_SANDBOXING = YES;
				GCC_C_LANGUAGE_STANDARD = gnu17;
				GCC_NO_COMMON_BLOCKS = YES;
				GCC_WARN_64_TO_32_BIT_CONVERSION = YES;
				GCC_WARN_ABOUT_RETURN_TYPE = YES_ERROR;
				GCC_WARN_UNDECLARED_SELECTOR = YES;
				GCC_WARN_UNINITIALIZED_AUTOS = YES_AGGRESSIVE;
				GCC_WARN_UNUSED_FUNCTION = YES;
				GCC_WARN_UNUSED_VARIABLE = YES;
				IPHONEOS_DEPLOYMENT_TARGET = 17.0;
				LOCALIZATION_PREFERS_STRING_CATALOGS = YES;
				MTL_ENABLE_DEBUG_INFO = NO;
				MTL_FAST_MATH = YES;
				SDKROOT = iphoneos;
				SWIFT_COMPILATION_MODE = wholemodule;
				VALIDATE_PRODUCT = YES;
			};
			name = Release;
		};
		5778DD6E2ACC708C00675257 /* Debug */ = {
			isa = XCBuildConfiguration;
			buildSettings = {
				ASSETCATALOG_COMPILER_APPICON_NAME = AppIcon;
				ASSETCATALOG_COMPILER_GLOBAL_ACCENT_COLOR_NAME = AccentColor;
				CODE_SIGN_STYLE = Automatic;
				CURRENT_PROJECT_VERSION = 1;
				GENERATE_INFOPLIST_FILE = YES;
				INFOPLIST_FILE = SimpleClock2/Info.plist;
				INFOPLIST_KEY_UIApplicationSupportsIndirectInputEvents = YES;
				INFOPLIST_KEY_UILaunchStoryboardName = LaunchScreen;
				INFOPLIST_KEY_UIMainStoryboardFile = Main;
				INFOPLIST_KEY_UISupportedInterfaceOrientations_iPad = "UIInterfaceOrientationPortrait UIInterfaceOrientationPortraitUpsideDown UIInterfaceOrientationLandscapeLeft UIInterfaceOrientationLandscapeRight";
				INFOPLIST_KEY_UISupportedInterfaceOrientations_iPhone = "UIInterfaceOrientationPortrait UIInterfaceOrientationLandscapeLeft UIInterfaceOrientationLandscapeRight";
				LD_RUNPATH_SEARCH_PATHS = (
					"$(inherited)",
					"@executable_path/Frameworks",
				);
				MARKETING_VERSION = 1.0;
				PRODUCT_BUNDLE_IDENTIFIER = "victor.gubskih-gmail.com.SimpleClock2";
				PRODUCT_NAME = "$(TARGET_NAME)";
				SWIFT_EMIT_LOC_STRINGS = YES;
				SWIFT_VERSION = 5.0;
				TARGETED_DEVICE_FAMILY = "1,2";
			};
			name = Debug;
		};
		5778DD6F2ACC708C00675257 /* Release */ = {
			isa = XCBuildConfiguration;
			buildSettings = {
				ASSETCATALOG_COMPILER_APPICON_NAME = AppIcon;
				ASSETCATALOG_COMPILER_GLOBAL_ACCENT_COLOR_NAME = AccentColor;
				CODE_SIGN_STYLE = Automatic;
				CURRENT_PROJECT_VERSION = 1;
				GENERATE_INFOPLIST_FILE = YES;
				INFOPLIST_FILE = SimpleClock2/Info.plist;
				INFOPLIST_KEY_UIApplicationSupportsIndirectInputEvents = YES;
				INFOPLIST_KEY_UILaunchStoryboardName = LaunchScreen;
				INFOPLIST_KEY_UIMainStoryboardFile = Main;
				INFOPLIST_KEY_UISupportedInterfaceOrientations_iPad = "UIInterfaceOrientationPortrait UIInterfaceOrientationPortraitUpsideDown UIInterfaceOrientationLandscapeLeft UIInterfaceOrientationLandscapeRight";
				INFOPLIST_KEY_UISupportedInterfaceOrientations_iPhone = "UIInterfaceOrientationPortrait UIInterfaceOrientationLandscapeLeft UIInterfaceOrientationLandscapeRight";
				LD_RUNPATH_SEARCH_PATHS = (
					"$(inherited)",
					"@executable_path/Frameworks",
				);
				MARKETING_VERSION = 1.0;
				PRODUCT_BUNDLE_IDENTIFIER = "victor.gubskih-gmail.com.SimpleClock2";
				PRODUCT_NAME = "$(TARGET_NAME)";
				SWIFT_EMIT_LOC_STRINGS = YES;
				SWIFT_VERSION = 5.0;
				TARGETED_DEVICE_FAMILY = "1,2";
			};
			name = Release;
		};
/* End XCBuildConfiguration section */

/* Begin XCConfigurationList section */
		5778DD542ACC708A00675257 /* Build configuration list for PBXProject "SimpleClock2" */ = {
			isa = XCConfigurationList;
			buildConfigurations = (
				5778DD6B2ACC708C00675257 /* Debug */,
				5778DD6C2ACC708C00675257 /* Release */,
			);
			defaultConfigurationIsVisible = 0;
			defaultConfigurationName = Release;
		};
		5778DD6D2ACC708C00675257 /* Build configuration list for PBXNativeTarget "SimpleClock2" */ = {
			isa = XCConfigurationList;
			buildConfigurations = (
				5778DD6E2ACC708C00675257 /* Debug */,
				5778DD6F2ACC708C00675257 /* Release */,
			);
			defaultConfigurationIsVisible = 0;
			defaultConfigurationName = Release;
		};
/* End XCConfigurationList section */
	};
	rootObject = 5778DD512ACC708A00675257 /* Project object */;
}
