// !$*UTF8*$!
{
	archiveVersion = 1;
	classes = {
	};
	objectVersion = 56;
	objects = {

/* Begin PBXBuildFile section */
		575FEF162B7D3A50006C1F40 /* UIColor+ Codable.swift in Sources */ = {isa = PBXBuildFile; fileRef = 575FEF152B7D3A50006C1F40 /* UIColor+ Codable.swift */; };
		57ED03D52B80B06F005A4E7C /* LabelClockView.swift in Sources */ = {isa = PBXBuildFile; fileRef = 57ED03D42B80B06F005A4E7C /* LabelClockView.swift */; };
		57ED03D72B80B095005A4E7C /* LabelClockView.xib in Resources */ = {isa = PBXBuildFile; fileRef = 57ED03D62B80B095005A4E7C /* LabelClockView.xib */; };
		57ED03D92B812DDE005A4E7C /* ClockViewProtocol.swift in Sources */ = {isa = PBXBuildFile; fileRef = 57ED03D82B812DDE005A4E7C /* ClockViewProtocol.swift */; };
		57ED03DB2B822261005A4E7C /* LabelClockView2.swift in Sources */ = {isa = PBXBuildFile; fileRef = 57ED03DA2B822261005A4E7C /* LabelClockView2.swift */; };
		57ED03DD2B822273005A4E7C /* LabelClockView2.xib in Resources */ = {isa = PBXBuildFile; fileRef = 57ED03DC2B822273005A4E7C /* LabelClockView2.xib */; };
		57FA930B2B7789B000E947BD /* AppDelegate.swift in Sources */ = {isa = PBXBuildFile; fileRef = 57FA930A2B7789B000E947BD /* AppDelegate.swift */; };
		57FA930D2B7789B000E947BD /* SceneDelegate.swift in Sources */ = {isa = PBXBuildFile; fileRef = 57FA930C2B7789B000E947BD /* SceneDelegate.swift */; };
		57FA930F2B7789B000E947BD /* ViewController.swift in Sources */ = {isa = PBXBuildFile; fileRef = 57FA930E2B7789B000E947BD /* ViewController.swift */; };
		57FA93122B7789B000E947BD /* Main.storyboard in Resources */ = {isa = PBXBuildFile; fileRef = 57FA93102B7789B000E947BD /* Main.storyboard */; };
		57FA93142B7789B600E947BD /* Assets.xcassets in Resources */ = {isa = PBXBuildFile; fileRef = 57FA93132B7789B600E947BD /* Assets.xcassets */; };
		57FA93172B7789B600E947BD /* LaunchScreen.storyboard in Resources */ = {isa = PBXBuildFile; fileRef = 57FA93152B7789B600E947BD /* LaunchScreen.storyboard */; };
		57FA93222B78C94000E947BD /* TimeZoneControler.swift in Sources */ = {isa = PBXBuildFile; fileRef = 57FA93202B78C93F00E947BD /* TimeZoneControler.swift */; };
		57FA93232B78C94000E947BD /* TimeZoneControler.xib in Resources */ = {isa = PBXBuildFile; fileRef = 57FA93212B78C94000E947BD /* TimeZoneControler.xib */; };
		57FA932B2B7BC6DE00E947BD /* SelectColorController.swift in Sources */ = {isa = PBXBuildFile; fileRef = 57FA932A2B7BC6DE00E947BD /* SelectColorController.swift */; };
/* End PBXBuildFile section */

/* Begin PBXFileReference section */
		575FEF152B7D3A50006C1F40 /* UIColor+ Codable.swift */ = {isa = PBXFileReference; lastKnownFileType = sourcecode.swift; path = "UIColor+ Codable.swift"; sourceTree = "<group>"; };
		57ED03D42B80B06F005A4E7C /* LabelClockView.swift */ = {isa = PBXFileReference; lastKnownFileType = sourcecode.swift; path = LabelClockView.swift; sourceTree = "<group>"; };
		57ED03D62B80B095005A4E7C /* LabelClockView.xib */ = {isa = PBXFileReference; lastKnownFileType = file.xib; path = LabelClockView.xib; sourceTree = "<group>"; };
		57ED03D82B812DDE005A4E7C /* ClockViewProtocol.swift */ = {isa = PBXFileReference; lastKnownFileType = sourcecode.swift; path = ClockViewProtocol.swift; sourceTree = "<group>"; };
		57ED03DA2B822261005A4E7C /* LabelClockView2.swift */ = {isa = PBXFileReference; lastKnownFileType = sourcecode.swift; path = LabelClockView2.swift; sourceTree = "<group>"; };
		57ED03DC2B822273005A4E7C /* LabelClockView2.xib */ = {isa = PBXFileReference; lastKnownFileType = file.xib; path = LabelClockView2.xib; sourceTree = "<group>"; };
		57FA93072B7789B000E947BD /* SimpleClock4.app */ = {isa = PBXFileReference; explicitFileType = wrapper.application; includeInIndex = 0; path = SimpleClock4.app; sourceTree = BUILT_PRODUCTS_DIR; };
		57FA930A2B7789B000E947BD /* AppDelegate.swift */ = {isa = PBXFileReference; lastKnownFileType = sourcecode.swift; path = AppDelegate.swift; sourceTree = "<group>"; };
		57FA930C2B7789B000E947BD /* SceneDelegate.swift */ = {isa = PBXFileReference; lastKnownFileType = sourcecode.swift; path = SceneDelegate.swift; sourceTree = "<group>"; };
		57FA930E2B7789B000E947BD /* ViewController.swift */ = {isa = PBXFileReference; lastKnownFileType = sourcecode.swift; path = ViewController.swift; sourceTree = "<group>"; };
		57FA93112B7789B000E947BD /* Base */ = {isa = PBXFileReference; lastKnownFileType = file.storyboard; name = Base; path = Base.lproj/Main.storyboard; sourceTree = "<group>"; };
		57FA93132B7789B600E947BD /* Assets.xcassets */ = {isa = PBXFileReference; lastKnownFileType = folder.assetcatalog; path = Assets.xcassets; sourceTree = "<group>"; };
		57FA93162B7789B600E947BD /* Base */ = {isa = PBXFileReference; lastKnownFileType = file.storyboard; name = Base; path = Base.lproj/LaunchScreen.storyboard; sourceTree = "<group>"; };
		57FA93182B7789B600E947BD /* Info.plist */ = {isa = PBXFileReference; lastKnownFileType = text.plist.xml; path = Info.plist; sourceTree = "<group>"; };
		57FA93202B78C93F00E947BD /* TimeZoneControler.swift */ = {isa = PBXFileReference; lastKnownFileType = sourcecode.swift; path = TimeZoneControler.swift; sourceTree = "<group>"; };
		57FA93212B78C94000E947BD /* TimeZoneControler.xib */ = {isa = PBXFileReference; lastKnownFileType = file.xib; path = TimeZoneControler.xib; sourceTree = "<group>"; };
		57FA932A2B7BC6DE00E947BD /* SelectColorController.swift */ = {isa = PBXFileReference; lastKnownFileType = sourcecode.swift; path = SelectColorController.swift; sourceTree = "<group>"; };
/* End PBXFileReference section */

/* Begin PBXFrameworksBuildPhase section */
		57FA93042B7789B000E947BD /* Frameworks */ = {
			isa = PBXFrameworksBuildPhase;
			buildActionMask = 2147483647;
			files = (
			);
			runOnlyForDeploymentPostprocessing = 0;
		};
/* End PBXFrameworksBuildPhase section */

/* Begin PBXGroup section */
		57FA92FE2B7789B000E947BD = {
			isa = PBXGroup;
			children = (
				57FA93092B7789B000E947BD /* SimpleClock4 */,
				57FA93082B7789B000E947BD /* Products */,
			);
			sourceTree = "<group>";
		};
		57FA93082B7789B000E947BD /* Products */ = {
			isa = PBXGroup;
			children = (
				57FA93072B7789B000E947BD /* SimpleClock4.app */,
			);
			name = Products;
			sourceTree = "<group>";
		};
		57FA93092B7789B000E947BD /* SimpleClock4 */ = {
			isa = PBXGroup;
			children = (
				57FA930A2B7789B000E947BD /* AppDelegate.swift */,
				57FA930C2B7789B000E947BD /* SceneDelegate.swift */,
				57FA930E2B7789B000E947BD /* ViewController.swift */,
				57FA93202B78C93F00E947BD /* TimeZoneControler.swift */,
				57FA93212B78C94000E947BD /* TimeZoneControler.xib */,
				57FA932A2B7BC6DE00E947BD /* SelectColorController.swift */,
				575FEF152B7D3A50006C1F40 /* UIColor+ Codable.swift */,
				57ED03D42B80B06F005A4E7C /* LabelClockView.swift */,
				57ED03D62B80B095005A4E7C /* LabelClockView.xib */,
				57ED03DA2B822261005A4E7C /* LabelClockView2.swift */,
				57ED03DC2B822273005A4E7C /* LabelClockView2.xib */,
				57ED03D82B812DDE005A4E7C /* ClockViewProtocol.swift */,
				57FA93102B7789B000E947BD /* Main.storyboard */,
				57FA93132B7789B600E947BD /* Assets.xcassets */,
				57FA93152B7789B600E947BD /* LaunchScreen.storyboard */,
				57FA93182B7789B600E947BD /* Info.plist */,
			);
			path = SimpleClock4;
			sourceTree = "<group>";
		};
/* End PBXGroup section */

/* Begin PBXNativeTarget section */
		57FA93062B7789B000E947BD /* SimpleClock4 */ = {
			isa = PBXNativeTarget;
			buildConfigurationList = 57FA931B2B7789B600E947BD /* Build configuration list for PBXNativeTarget "SimpleClock4" */;
			buildPhases = (
				57FA93032B7789B000E947BD /* Sources */,
				57FA93042B7789B000E947BD /* Frameworks */,
				57FA93052B7789B000E947BD /* Resources */,
			);
			buildRules = (
			);
			dependencies = (
			);
			name = SimpleClock4;
			productName = SimpleClock4;
			productReference = 57FA93072B7789B000E947BD /* SimpleClock4.app */;
			productType = "com.apple.product-type.application";
		};
/* End PBXNativeTarget section */

/* Begin PBXProject section */
		57FA92FF2B7789B000E947BD /* Project object */ = {
			isa = PBXProject;
			attributes = {
				BuildIndependentTargetsInParallel = 1;
				LastSwiftUpdateCheck = 1500;
				LastUpgradeCheck = 1500;
				TargetAttributes = {
					57FA93062B7789B000E947BD = {
						CreatedOnToolsVersion = 15.0;
					};
				};
			};
			buildConfigurationList = 57FA93022B7789B000E947BD /* Build configuration list for PBXProject "SimpleClock4" */;
			compatibilityVersion = "Xcode 14.0";
			developmentRegion = en;
			hasScannedForEncodings = 0;
			knownRegions = (
				en,
				Base,
			);
			mainGroup = 57FA92FE2B7789B000E947BD;
			productRefGroup = 57FA93082B7789B000E947BD /* Products */;
			projectDirPath = "";
			projectRoot = "";
			targets = (
				57FA93062B7789B000E947BD /* SimpleClock4 */,
			);
		};
/* End PBXProject section */

/* Begin PBXResourcesBuildPhase section */
		57FA93052B7789B000E947BD /* Resources */ = {
			isa = PBXResourcesBuildPhase;
			buildActionMask = 2147483647;
			files = (
				57ED03D72B80B095005A4E7C /* LabelClockView.xib in Resources */,
				57FA93172B7789B600E947BD /* LaunchScreen.storyboard in Resources */,
				57FA93232B78C94000E947BD /* TimeZoneControler.xib in Resources */,
				57ED03DD2B822273005A4E7C /* LabelClockView2.xib in Resources */,
				57FA93142B7789B600E947BD /* Assets.xcassets in Resources */,
				57FA93122B7789B000E947BD /* Main.storyboard in Resources */,
			);
			runOnlyForDeploymentPostprocessing = 0;
		};
/* End PBXResourcesBuildPhase section */

/* Begin PBXSourcesBuildPhase section */
		57FA93032B7789B000E947BD /* Sources */ = {
			isa = PBXSourcesBuildPhase;
			buildActionMask = 2147483647;
			files = (
				57FA930F2B7789B000E947BD /* ViewController.swift in Sources */,
				57ED03D52B80B06F005A4E7C /* LabelClockView.swift in Sources */,
				575FEF162B7D3A50006C1F40 /* UIColor+ Codable.swift in Sources */,
				57ED03DB2B822261005A4E7C /* LabelClockView2.swift in Sources */,
				57ED03D92B812DDE005A4E7C /* ClockViewProtocol.swift in Sources */,
				57FA93222B78C94000E947BD /* TimeZoneControler.swift in Sources */,
				57FA932B2B7BC6DE00E947BD /* SelectColorController.swift in Sources */,
				57FA930B2B7789B000E947BD /* AppDelegate.swift in Sources */,
				57FA930D2B7789B000E947BD /* SceneDelegate.swift in Sources */,
			);
			runOnlyForDeploymentPostprocessing = 0;
		};
/* End PBXSourcesBuildPhase section */

/* Begin PBXVariantGroup section */
		57FA93102B7789B000E947BD /* Main.storyboard */ = {
			isa = PBXVariantGroup;
			children = (
				57FA93112B7789B000E947BD /* Base */,
			);
			name = Main.storyboard;
			sourceTree = "<group>";
		};
		57FA93152B7789B600E947BD /* LaunchScreen.storyboard */ = {
			isa = PBXVariantGroup;
			children = (
				57FA93162B7789B600E947BD /* Base */,
			);
			name = LaunchScreen.storyboard;
			sourceTree = "<group>";
		};
/* End PBXVariantGroup section */

/* Begin XCBuildConfiguration section */
		57FA93192B7789B600E947BD /* Debug */ = {
			isa = XCBuildConfiguration;
			buildSettings = {
				ALWAYS_SEARCH_USER_PATHS = NO;
				ASSETCATALOG_COMPILER_GENERATE_SWIFT_ASSET_SYMBOL_EXTENSIONS = YES;
				CLANG_ANALYZER_NONNULL = YES;
				CLANG_ANALYZER_NUMBER_OBJECT_CONVERSION = YES_AGGRESSIVE;
				CLANG_CXX_LANGUAGE_STANDARD = "gnu++20";
				CLANG_ENABLE_MODULES = YES;
				CLANG_ENABLE_OBJC_ARC = YES;
				CLANG_ENABLE_OBJC_WEAK = YES;
				CLANG_WARN_BLOCK_CAPTURE_AUTORELEASING = YES;
				CLANG_WARN_BOOL_CONVERSION = YES;
				CLANG_WARN_COMMA = YES;
				CLANG_WARN_CONSTANT_CONVERSION = YES;
				CLANG_WARN_DEPRECATED_OBJC_IMPLEMENTATIONS = YES;
				CLANG_WARN_DIRECT_OBJC_ISA_USAGE = YES_ERROR;
				CLANG_WARN_DOCUMENTATION_COMMENTS = YES;
				CLANG_WARN_EMPTY_BODY = YES;
				CLANG_WARN_ENUM_CONVERSION = YES;
				CLANG_WARN_INFINITE_RECURSION = YES;
				CLANG_WARN_INT_CONVERSION = YES;
				CLANG_WARN_NON_LITERAL_NULL_CONVERSION = YES;
				CLANG_WARN_OBJC_IMPLICIT_RETAIN_SELF = YES;
				CLANG_WARN_OBJC_LITERAL_CONVERSION = YES;
				CLANG_WARN_OBJC_ROOT_CLASS = YES_ERROR;
				CLANG_WARN_QUOTED_INCLUDE_IN_FRAMEWORK_HEADER = YES;
				CLANG_WARN_RANGE_LOOP_ANALYSIS = YES;
				CLANG_WARN_STRICT_PROTOTYPES = YES;
				CLANG_WARN_SUSPICIOUS_MOVE = YES;
				CLANG_WARN_UNGUARDED_AVAILABILITY = YES_AGGRESSIVE;
				CLANG_WARN_UNREACHABLE_CODE = YES;
				CLANG_WARN__DUPLICATE_METHOD_MATCH = YES;
				COPY_PHASE_STRIP = NO;
				DEBUG_INFORMATION_FORMAT = dwarf;
				ENABLE_STRICT_OBJC_MSGSEND = YES;
				ENABLE_TESTABILITY = YES;
				ENABLE_USER_SCRIPT_SANDBOXING = YES;
				GCC_C_LANGUAGE_STANDARD = gnu17;
				GCC_DYNAMIC_NO_PIC = NO;
				GCC_NO_COMMON_BLOCKS = YES;
				GCC_OPTIMIZATION_LEVEL = 0;
				GCC_PREPROCESSOR_DEFINITIONS = (
					"DEBUG=1",
					"$(inherited)",
				);
				GCC_WARN_64_TO_32_BIT_CONVERSION = YES;
				GCC_WARN_ABOUT_RETURN_TYPE = YES_ERROR;
				GCC_WARN_UNDECLARED_SELECTOR = YES;
				GCC_WARN_UNINITIALIZED_AUTOS = YES_AGGRESSIVE;
				GCC_WARN_UNUSED_FUNCTION = YES;
				GCC_WARN_UNUSED_VARIABLE = YES;
				IPHONEOS_DEPLOYMENT_TARGET = 17.0;
				LOCALIZATION_PREFERS_STRING_CATALOGS = YES;
				MTL_ENABLE_DEBUG_INFO = INCLUDE_SOURCE;
				MTL_FAST_MATH = YES;
				ONLY_ACTIVE_ARCH = YES;
				SDKROOT = iphoneos;
				SWIFT_ACTIVE_COMPILATION_CONDITIONS = "DEBUG $(inherited)";
				SWIFT_OPTIMIZATION_LEVEL = "-Onone";
			};
			name = Debug;
		};
		57FA931A2B7789B600E947BD /* Release */ = {
			isa = XCBuildConfiguration;
			buildSettings = {
				ALWAYS_SEARCH_USER_PATHS = NO;
				ASSETCATALOG_COMPILER_GENERATE_SWIFT_ASSET_SYMBOL_EXTENSIONS = YES;
				CLANG_ANALYZER_NONNULL = YES;
				CLANG_ANALYZER_NUMBER_OBJECT_CONVERSION = YES_AGGRESSIVE;
				CLANG_CXX_LANGUAGE_STANDARD = "gnu++20";
				CLANG_ENABLE_MODULES = YES;
				CLANG_ENABLE_OBJC_ARC = YES;
				CLANG_ENABLE_OBJC_WEAK = YES;
				CLANG_WARN_BLOCK_CAPTURE_AUTORELEASING = YES;
				CLANG_WARN_BOOL_CONVERSION = YES;
				CLANG_WARN_COMMA = YES;
				CLANG_WARN_CONSTANT_CONVERSION = YES;
				CLANG_WARN_DEPRECATED_OBJC_IMPLEMENTATIONS = YES;
				CLANG_WARN_DIRECT_OBJC_ISA_USAGE = YES_ERROR;
				CLANG_WARN_DOCUMENTATION_COMMENTS = YES;
				CLANG_WARN_EMPTY_BODY = YES;
				CLANG_WARN_ENUM_CONVERSION = YES;
				CLANG_WARN_INFINITE_RECURSION = YES;
				CLANG_WARN_INT_CONVERSION = YES;
				CLANG_WARN_NON_LITERAL_NULL_CONVERSION = YES;
				CLANG_WARN_OBJC_IMPLICIT_RETAIN_SELF = YES;
				CLANG_WARN_OBJC_LITERAL_CONVERSION = YES;
				CLANG_WARN_OBJC_ROOT_CLASS = YES_ERROR;
				CLANG_WARN_QUOTED_INCLUDE_IN_FRAMEWORK_HEADER = YES;
				CLANG_WARN_RANGE_LOOP_ANALYSIS = YES;
				CLANG_WARN_STRICT_PROTOTYPES = YES;
				CLANG_WARN_SUSPICIOUS_MOVE = YES;
				CLANG_WARN_UNGUARDED_AVAILABILITY = YES_AGGRESSIVE;
				CLANG_WARN_UNREACHABLE_CODE = YES;
				CLANG_WARN__DUPLICATE_METHOD_MATCH = YES;
				COPY_PHASE_STRIP = NO;
				DEBUG_INFORMATION_FORMAT = "dwarf-with-dsym";
				ENABLE_NS_ASSERTIONS = NO;
				ENABLE_STRICT_OBJC_MSGSEND = YES;
				ENABLE_USER_SCRIPT_SANDBOXING = YES;
				GCC_C_LANGUAGE_STANDARD = gnu17;
				GCC_NO_COMMON_BLOCKS = YES;
				GCC_WARN_64_TO_32_BIT_CONVERSION = YES;
				GCC_WARN_ABOUT_RETURN_TYPE = YES_ERROR;
				GCC_WARN_UNDECLARED_SELECTOR = YES;
				GCC_WARN_UNINITIALIZED_AUTOS = YES_AGGRESSIVE;
				GCC_WARN_UNUSED_FUNCTION = YES;
				GCC_WARN_UNUSED_VARIABLE = YES;
				IPHONEOS_DEPLOYMENT_TARGET = 17.0;
				LOCALIZATION_PREFERS_STRING_CATALOGS = YES;
				MTL_ENABLE_DEBUG_INFO = NO;
				MTL_FAST_MATH = YES;
				SDKROOT = iphoneos;
				SWIFT_COMPILATION_MODE = wholemodule;
				VALIDATE_PRODUCT = YES;
			};
			name = Release;
		};
		57FA931C2B7789B600E947BD /* Debug */ = {
			isa = XCBuildConfiguration;
			buildSettings = {
				ASSETCATALOG_COMPILER_APPICON_NAME = AppIcon;
				ASSETCATALOG_COMPILER_GLOBAL_ACCENT_COLOR_NAME = AccentColor;
				CODE_SIGN_STYLE = Automatic;
				CURRENT_PROJECT_VERSION = 1;
				GENERATE_INFOPLIST_FILE = YES;
				INFOPLIST_FILE = SimpleClock4/Info.plist;
				INFOPLIST_KEY_UIApplicationSupportsIndirectInputEvents = YES;
				INFOPLIST_KEY_UILaunchStoryboardName = LaunchScreen;
				INFOPLIST_KEY_UIMainStoryboardFile = Main;
				INFOPLIST_KEY_UISupportedInterfaceOrientations_iPad = "UIInterfaceOrientationPortrait UIInterfaceOrientationPortraitUpsideDown UIInterfaceOrientationLandscapeLeft UIInterfaceOrientationLandscapeRight";
				INFOPLIST_KEY_UISupportedInterfaceOrientations_iPhone = "UIInterfaceOrientationPortrait UIInterfaceOrientationLandscapeLeft UIInterfaceOrientationLandscapeRight";
				LD_RUNPATH_SEARCH_PATHS = (
					"$(inherited)",
					"@executable_path/Frameworks",
				);
				MARKETING_VERSION = 1.0;
				PRODUCT_BUNDLE_IDENTIFIER = "victor.gubskih-gmail.com.SimpleClock4";
				PRODUCT_NAME = "$(TARGET_NAME)";
				SWIFT_EMIT_LOC_STRINGS = YES;
				SWIFT_VERSION = 5.0;
				TARGETED_DEVICE_FAMILY = "1,2";
			};
			name = Debug;
		};
		57FA931D2B7789B600E947BD /* Release */ = {
			isa = XCBuildConfiguration;
			buildSettings = {
				ASSETCATALOG_COMPILER_APPICON_NAME = AppIcon;
				ASSETCATALOG_COMPILER_GLOBAL_ACCENT_COLOR_NAME = AccentColor;
				CODE_SIGN_STYLE = Automatic;
				CURRENT_PROJECT_VERSION = 1;
				GENERATE_INFOPLIST_FILE = YES;
				INFOPLIST_FILE = SimpleClock4/Info.plist;
				INFOPLIST_KEY_UIApplicationSupportsIndirectInputEvents = YES;
				INFOPLIST_KEY_UILaunchStoryboardName = LaunchScreen;
				INFOPLIST_KEY_UIMainStoryboardFile = Main;
				INFOPLIST_KEY_UISupportedInterfaceOrientations_iPad = "UIInterfaceOrientationPortrait UIInterfaceOrientationPortraitUpsideDown UIInterfaceOrientationLandscapeLeft UIInterfaceOrientationLandscapeRight";
				INFOPLIST_KEY_UISupportedInterfaceOrientations_iPhone = "UIInterfaceOrientationPortrait UIInterfaceOrientationLandscapeLeft UIInterfaceOrientationLandscapeRight";
				LD_RUNPATH_SEARCH_PATHS = (
					"$(inherited)",
					"@executable_path/Frameworks",
				);
				MARKETING_VERSION = 1.0;
				PRODUCT_BUNDLE_IDENTIFIER = "victor.gubskih-gmail.com.SimpleClock4";
				PRODUCT_NAME = "$(TARGET_NAME)";
				SWIFT_EMIT_LOC_STRINGS = YES;
				SWIFT_VERSION = 5.0;
				TARGETED_DEVICE_FAMILY = "1,2";
			};
			name = Release;
		};
/* End XCBuildConfiguration section */

/* Begin XCConfigurationList section */
		57FA93022B7789B000E947BD /* Build configuration list for PBXProject "SimpleClock4" */ = {
			isa = XCConfigurationList;
			buildConfigurations = (
				57FA93192B7789B600E947BD /* Debug */,
				57FA931A2B7789B600E947BD /* Release */,
			);
			defaultConfigurationIsVisible = 0;
			defaultConfigurationName = Release;
		};
		57FA931B2B7789B600E947BD /* Build configuration list for PBXNativeTarget "SimpleClock4" */ = {
			isa = XCConfigurationList;
			buildConfigurations = (
				57FA931C2B7789B600E947BD /* Debug */,
				57FA931D2B7789B600E947BD /* Release */,
			);
			defaultConfigurationIsVisible = 0;
			defaultConfigurationName = Release;
		};
/* End XCConfigurationList section */
	};
	rootObject = 57FA92FF2B7789B000E947BD /* Project object */;
}
